// !$*UTF8*$!
{
	archiveVersion = 1;
	classes = {
	};
	objectVersion = 48;
	objects = {

/* Begin PBXBuildFile section */
		DC03EA8A1FE05CA100430393 /* main.swift in Sources */ = {isa = PBXBuildFile; fileRef = DC03EA891FE05CA100430393 /* main.swift */; };
		DC03EA8F1FE05CC900430393 /* 12.swift in Sources */ = {isa = PBXBuildFile; fileRef = DC03EA8E1FE05CC900430393 /* 12.swift */; };
		DC09660C1FEEAEEC007C40F8 /* main.swift in Sources */ = {isa = PBXBuildFile; fileRef = DC09660B1FEEAEEC007C40F8 /* main.swift */; };
		DC0966111FEEAF3A007C40F8 /* 23.swift in Sources */ = {isa = PBXBuildFile; fileRef = DC0966101FEEAF3A007C40F8 /* 23.swift */; };
		DC12F5B11FD7A43100A3839F /* main.swift in Sources */ = {isa = PBXBuildFile; fileRef = DC12F5B01FD7A43100A3839F /* main.swift */; };
		DC203E411FE4665200AA674D /* main.swift in Sources */ = {isa = PBXBuildFile; fileRef = DC203E401FE4665200AA674D /* main.swift */; };
		DC203E4E1FE5711200AA674D /* main.swift in Sources */ = {isa = PBXBuildFile; fileRef = DC203E4D1FE5711200AA674D /* main.swift */; };
		DC203E531FE571C500AA674D /* 16.swift in Sources */ = {isa = PBXBuildFile; fileRef = DC203E521FE571C500AA674D /* 16.swift */; };
		DC203E5B1FE6F3AE00AA674D /* main.swift in Sources */ = {isa = PBXBuildFile; fileRef = DC203E5A1FE6F3AE00AA674D /* main.swift */; };
		DC2FDA071FDA0A740021AA29 /* main.swift in Sources */ = {isa = PBXBuildFile; fileRef = DC2FDA061FDA0A740021AA29 /* main.swift */; };
		DC2FDA0C1FDA0AC80021AA29 /* 7.swift in Sources */ = {isa = PBXBuildFile; fileRef = DC2FDA0B1FDA0AC80021AA29 /* 7.swift */; };
		DC3066521FEACD5D004C7181 /* main.swift in Sources */ = {isa = PBXBuildFile; fileRef = DC3066511FEACD5D004C7181 /* main.swift */; };
		DC3066571FEACD82004C7181 /* 20.swift in Sources */ = {isa = PBXBuildFile; fileRef = DC3066561FEACD82004C7181 /* 20.swift */; };
		DC4B586C1FF02AF800E9F0B1 /* main.swift in Sources */ = {isa = PBXBuildFile; fileRef = DC4B586B1FF02AF800E9F0B1 /* main.swift */; };
		DC4B58711FF02B6E00E9F0B1 /* 24.swift in Sources */ = {isa = PBXBuildFile; fileRef = DC4B58701FF02B6D00E9F0B1 /* 24.swift */; };
		DC4B58791FF05C9200E9F0B1 /* main.swift in Sources */ = {isa = PBXBuildFile; fileRef = DC4B58781FF05C9200E9F0B1 /* main.swift */; };
		DC4F53631FE80D17009DAF71 /* main.swift in Sources */ = {isa = PBXBuildFile; fileRef = DC4F53621FE80D17009DAF71 /* main.swift */; };
		DC4F53681FE80D9C009DAF71 /* 18.swift in Sources */ = {isa = PBXBuildFile; fileRef = DC4F53671FE80D9C009DAF71 /* 18.swift */; };
		DC5989421FD7A4C60093DD2B /* Useful.swift in Sources */ = {isa = PBXBuildFile; fileRef = DCB648A41FD1CFCD00CC25EC /* Useful.swift */; };
		DC6041C71FDAEA08000985E9 /* main.swift in Sources */ = {isa = PBXBuildFile; fileRef = DC6041C61FDAEA08000985E9 /* main.swift */; };
		DC6E812B1FE1C08600137600 /* main.swift in Sources */ = {isa = PBXBuildFile; fileRef = DC6E812A1FE1C08600137600 /* main.swift */; };
		DC6E81301FE1C09200137600 /* 13.swift in Sources */ = {isa = PBXBuildFile; fileRef = DC6E812F1FE1C09200137600 /* 13.swift */; };
		DC7E9A211FDBA2A40080CB7E /* main.swift in Sources */ = {isa = PBXBuildFile; fileRef = DC7E9A201FDBA2A40080CB7E /* main.swift */; };
		DC7E9A261FDBA5970080CB7E /* 9.swift in Sources */ = {isa = PBXBuildFile; fileRef = DC7E9A251FDBA5970080CB7E /* 9.swift */; };
		DC7E9A2E1FDDC0FD0080CB7E /* main.swift in Sources */ = {isa = PBXBuildFile; fileRef = DC7E9A2D1FDDC0FD0080CB7E /* main.swift */; };
		DC7E9A341FDDD41B0080CB7E /* 10.swift in Sources */ = {isa = PBXBuildFile; fileRef = DC7E9A321FDDC2BC0080CB7E /* 10.swift */; };
		DC834F241FE32B7300952537 /* main.swift in Sources */ = {isa = PBXBuildFile; fileRef = DC834F231FE32B7300952537 /* main.swift */; };
		DCA4462E1FD108D0009A3B22 /* main.swift in Sources */ = {isa = PBXBuildFile; fileRef = DCA4462D1FD108D0009A3B22 /* main.swift */; };
		DCA4463B1FD109B3009A3B22 /* main.swift in Sources */ = {isa = PBXBuildFile; fileRef = DCA4463A1FD109B3009A3B22 /* main.swift */; };
		DCA70FF81FD4977400BF0EFD /* main.swift in Sources */ = {isa = PBXBuildFile; fileRef = DCA70FF71FD4977400BF0EFD /* main.swift */; };
		DCA8693A1FDEC3390090846F /* main.swift in Sources */ = {isa = PBXBuildFile; fileRef = DCA869391FDEC3390090846F /* main.swift */; };
		DCA869401FDECC9E0090846F /* 11.swift in Sources */ = {isa = PBXBuildFile; fileRef = DCA8693E1FDEC3570090846F /* 11.swift */; };
		DCAA33BB1FD725A10075C768 /* main.swift in Sources */ = {isa = PBXBuildFile; fileRef = DCAA33BA1FD725A10075C768 /* main.swift */; };
		DCAA33C01FD727330075C768 /* 5.swift in Sources */ = {isa = PBXBuildFile; fileRef = DCAA33BF1FD725BC0075C768 /* 5.swift */; };
		DCB27F2E1FD3BC5C006626D2 /* main.swift in Sources */ = {isa = PBXBuildFile; fileRef = DCB27F2D1FD3BC5C006626D2 /* main.swift */; };
		DCB27F331FD3BC6C006626D2 /* Useful.swift in Sources */ = {isa = PBXBuildFile; fileRef = DCB648A41FD1CFCD00CC25EC /* Useful.swift */; };
		DCB648A71FD1D46A00CC25EC /* Useful.swift in Sources */ = {isa = PBXBuildFile; fileRef = DCB648A41FD1CFCD00CC25EC /* Useful.swift */; };
		DCBF20A61FDB73FC00693C33 /* 8.swift in Sources */ = {isa = PBXBuildFile; fileRef = DC6041CB1FDAEA4A000985E9 /* 8.swift */; };
		DCC2655B1FD6118B00533C63 /* 4.swift in Sources */ = {isa = PBXBuildFile; fileRef = DCC2655A1FD6118B00533C63 /* 4.swift */; };
		DCCE3DCE1FE362D00026490C /* Useful.swift in Sources */ = {isa = PBXBuildFile; fileRef = DCB648A41FD1CFCD00CC25EC /* Useful.swift */; };
		DCEA84C91FE98E3F00271C4C /* main.swift in Sources */ = {isa = PBXBuildFile; fileRef = DCEA84C81FE98E3F00271C4C /* main.swift */; };
		DCEA84CE1FE98E4D00271C4C /* 19.swift in Sources */ = {isa = PBXBuildFile; fileRef = DCEA84CD1FE98E4D00271C4C /* 19.swift */; };
		DCEA84D01FE9AB9200271C4C /* test19.swift in Sources */ = {isa = PBXBuildFile; fileRef = DCEA84CF1FE9AB9200271C4C /* test19.swift */; };
		DCF6EF4B1FDA14F5004D55F3 /* Useful.swift in Sources */ = {isa = PBXBuildFile; fileRef = DCB648A41FD1CFCD00CC25EC /* Useful.swift */; };
		DCF8D6C41FEC8BCA00152A67 /* main.swift in Sources */ = {isa = PBXBuildFile; fileRef = DCF8D6C31FEC8BCA00152A67 /* main.swift */; };
		DCF8D6C91FEC8EAB00152A67 /* 21.swift in Sources */ = {isa = PBXBuildFile; fileRef = DCF8D6C81FEC8EAA00152A67 /* 21.swift */; };
		DCF8D6D11FED82DA00152A67 /* main.swift in Sources */ = {isa = PBXBuildFile; fileRef = DCF8D6D01FED82DA00152A67 /* main.swift */; };
		DCF8D6D61FED833000152A67 /* 22.swift in Sources */ = {isa = PBXBuildFile; fileRef = DCF8D6D51FED833000152A67 /* 22.swift */; };
/* End PBXBuildFile section */

/* Begin PBXCopyFilesBuildPhase section */
		DC03EA851FE05CA100430393 /* CopyFiles */ = {
			isa = PBXCopyFilesBuildPhase;
			buildActionMask = 2147483647;
			dstPath = /usr/share/man/man1/;
			dstSubfolderSpec = 0;
			files = (
			);
			runOnlyForDeploymentPostprocessing = 1;
		};
		DC0966071FEEAEEC007C40F8 /* CopyFiles */ = {
			isa = PBXCopyFilesBuildPhase;
			buildActionMask = 2147483647;
			dstPath = /usr/share/man/man1/;
			dstSubfolderSpec = 0;
			files = (
			);
			runOnlyForDeploymentPostprocessing = 1;
		};
		DC12F5AC1FD7A43100A3839F /* CopyFiles */ = {
			isa = PBXCopyFilesBuildPhase;
			buildActionMask = 2147483647;
			dstPath = /usr/share/man/man1/;
			dstSubfolderSpec = 0;
			files = (
			);
			runOnlyForDeploymentPostprocessing = 1;
		};
		DC203E3C1FE4665200AA674D /* CopyFiles */ = {
			isa = PBXCopyFilesBuildPhase;
			buildActionMask = 2147483647;
			dstPath = /usr/share/man/man1/;
			dstSubfolderSpec = 0;
			files = (
			);
			runOnlyForDeploymentPostprocessing = 1;
		};
		DC203E491FE5711100AA674D /* CopyFiles */ = {
			isa = PBXCopyFilesBuildPhase;
			buildActionMask = 2147483647;
			dstPath = /usr/share/man/man1/;
			dstSubfolderSpec = 0;
			files = (
			);
			runOnlyForDeploymentPostprocessing = 1;
		};
		DC203E561FE6F3AE00AA674D /* CopyFiles */ = {
			isa = PBXCopyFilesBuildPhase;
			buildActionMask = 2147483647;
			dstPath = /usr/share/man/man1/;
			dstSubfolderSpec = 0;
			files = (
			);
			runOnlyForDeploymentPostprocessing = 1;
		};
		DC2FDA021FDA0A740021AA29 /* CopyFiles */ = {
			isa = PBXCopyFilesBuildPhase;
			buildActionMask = 2147483647;
			dstPath = /usr/share/man/man1/;
			dstSubfolderSpec = 0;
			files = (
			);
			runOnlyForDeploymentPostprocessing = 1;
		};
		DC30664D1FEACD5D004C7181 /* CopyFiles */ = {
			isa = PBXCopyFilesBuildPhase;
			buildActionMask = 2147483647;
			dstPath = /usr/share/man/man1/;
			dstSubfolderSpec = 0;
			files = (
			);
			runOnlyForDeploymentPostprocessing = 1;
		};
		DC4B58671FF02AF800E9F0B1 /* CopyFiles */ = {
			isa = PBXCopyFilesBuildPhase;
			buildActionMask = 2147483647;
			dstPath = /usr/share/man/man1/;
			dstSubfolderSpec = 0;
			files = (
			);
			runOnlyForDeploymentPostprocessing = 1;
		};
		DC4B58741FF05C9200E9F0B1 /* CopyFiles */ = {
			isa = PBXCopyFilesBuildPhase;
			buildActionMask = 2147483647;
			dstPath = /usr/share/man/man1/;
			dstSubfolderSpec = 0;
			files = (
			);
			runOnlyForDeploymentPostprocessing = 1;
		};
		DC4F535E1FE80D17009DAF71 /* CopyFiles */ = {
			isa = PBXCopyFilesBuildPhase;
			buildActionMask = 2147483647;
			dstPath = /usr/share/man/man1/;
			dstSubfolderSpec = 0;
			files = (
			);
			runOnlyForDeploymentPostprocessing = 1;
		};
		DC6041C21FDAEA08000985E9 /* CopyFiles */ = {
			isa = PBXCopyFilesBuildPhase;
			buildActionMask = 2147483647;
			dstPath = /usr/share/man/man1/;
			dstSubfolderSpec = 0;
			files = (
			);
			runOnlyForDeploymentPostprocessing = 1;
		};
		DC6E81261FE1C08600137600 /* CopyFiles */ = {
			isa = PBXCopyFilesBuildPhase;
			buildActionMask = 2147483647;
			dstPath = /usr/share/man/man1/;
			dstSubfolderSpec = 0;
			files = (
			);
			runOnlyForDeploymentPostprocessing = 1;
		};
		DC7E9A1C1FDBA2A40080CB7E /* CopyFiles */ = {
			isa = PBXCopyFilesBuildPhase;
			buildActionMask = 2147483647;
			dstPath = /usr/share/man/man1/;
			dstSubfolderSpec = 0;
			files = (
			);
			runOnlyForDeploymentPostprocessing = 1;
		};
		DC7E9A291FDDC0FD0080CB7E /* CopyFiles */ = {
			isa = PBXCopyFilesBuildPhase;
			buildActionMask = 2147483647;
			dstPath = /usr/share/man/man1/;
			dstSubfolderSpec = 0;
			files = (
			);
			runOnlyForDeploymentPostprocessing = 1;
		};
		DC834F1F1FE32B7300952537 /* CopyFiles */ = {
			isa = PBXCopyFilesBuildPhase;
			buildActionMask = 2147483647;
			dstPath = /usr/share/man/man1/;
			dstSubfolderSpec = 0;
			files = (
			);
			runOnlyForDeploymentPostprocessing = 1;
		};
		DCA446281FD108D0009A3B22 /* CopyFiles */ = {
			isa = PBXCopyFilesBuildPhase;
			buildActionMask = 2147483647;
			dstPath = /usr/share/man/man1/;
			dstSubfolderSpec = 0;
			files = (
			);
			runOnlyForDeploymentPostprocessing = 1;
		};
		DCA446361FD109B3009A3B22 /* CopyFiles */ = {
			isa = PBXCopyFilesBuildPhase;
			buildActionMask = 2147483647;
			dstPath = /usr/share/man/man1/;
			dstSubfolderSpec = 0;
			files = (
			);
			runOnlyForDeploymentPostprocessing = 1;
		};
		DCA70FF31FD4977400BF0EFD /* CopyFiles */ = {
			isa = PBXCopyFilesBuildPhase;
			buildActionMask = 2147483647;
			dstPath = /usr/share/man/man1/;
			dstSubfolderSpec = 0;
			files = (
			);
			runOnlyForDeploymentPostprocessing = 1;
		};
		DCA869351FDEC3390090846F /* CopyFiles */ = {
			isa = PBXCopyFilesBuildPhase;
			buildActionMask = 2147483647;
			dstPath = /usr/share/man/man1/;
			dstSubfolderSpec = 0;
			files = (
			);
			runOnlyForDeploymentPostprocessing = 1;
		};
		DCAA33B61FD725A00075C768 /* CopyFiles */ = {
			isa = PBXCopyFilesBuildPhase;
			buildActionMask = 2147483647;
			dstPath = /usr/share/man/man1/;
			dstSubfolderSpec = 0;
			files = (
			);
			runOnlyForDeploymentPostprocessing = 1;
		};
		DCB27F291FD3BC5C006626D2 /* CopyFiles */ = {
			isa = PBXCopyFilesBuildPhase;
			buildActionMask = 2147483647;
			dstPath = /usr/share/man/man1/;
			dstSubfolderSpec = 0;
			files = (
			);
			runOnlyForDeploymentPostprocessing = 1;
		};
		DCEA84C41FE98E3F00271C4C /* CopyFiles */ = {
			isa = PBXCopyFilesBuildPhase;
			buildActionMask = 2147483647;
			dstPath = /usr/share/man/man1/;
			dstSubfolderSpec = 0;
			files = (
			);
			runOnlyForDeploymentPostprocessing = 1;
		};
		DCF8D6BF1FEC8BCA00152A67 /* CopyFiles */ = {
			isa = PBXCopyFilesBuildPhase;
			buildActionMask = 2147483647;
			dstPath = /usr/share/man/man1/;
			dstSubfolderSpec = 0;
			files = (
			);
			runOnlyForDeploymentPostprocessing = 1;
		};
		DCF8D6CC1FED82DA00152A67 /* CopyFiles */ = {
			isa = PBXCopyFilesBuildPhase;
			buildActionMask = 2147483647;
			dstPath = /usr/share/man/man1/;
			dstSubfolderSpec = 0;
			files = (
			);
			runOnlyForDeploymentPostprocessing = 1;
		};
/* End PBXCopyFilesBuildPhase section */

/* Begin PBXFileReference section */
		DC03EA871FE05CA100430393 /* 12 */ = {isa = PBXFileReference; explicitFileType = "compiled.mach-o.executable"; includeInIndex = 0; path = 12; sourceTree = BUILT_PRODUCTS_DIR; };
		DC03EA891FE05CA100430393 /* main.swift */ = {isa = PBXFileReference; lastKnownFileType = sourcecode.swift; path = main.swift; sourceTree = "<group>"; };
		DC03EA8E1FE05CC900430393 /* 12.swift */ = {isa = PBXFileReference; fileEncoding = 4; lastKnownFileType = sourcecode.swift; path = 12.swift; sourceTree = "<group>"; };
		DC0966091FEEAEEC007C40F8 /* 23 */ = {isa = PBXFileReference; explicitFileType = "compiled.mach-o.executable"; includeInIndex = 0; path = 23; sourceTree = BUILT_PRODUCTS_DIR; };
		DC09660B1FEEAEEC007C40F8 /* main.swift */ = {isa = PBXFileReference; lastKnownFileType = sourcecode.swift; path = main.swift; sourceTree = "<group>"; };
		DC0966101FEEAF3A007C40F8 /* 23.swift */ = {isa = PBXFileReference; fileEncoding = 4; lastKnownFileType = sourcecode.swift; path = 23.swift; sourceTree = "<group>"; };
		DC12F5AE1FD7A43100A3839F /* 6 */ = {isa = PBXFileReference; explicitFileType = "compiled.mach-o.executable"; includeInIndex = 0; path = 6; sourceTree = BUILT_PRODUCTS_DIR; };
		DC12F5B01FD7A43100A3839F /* main.swift */ = {isa = PBXFileReference; lastKnownFileType = sourcecode.swift; path = main.swift; sourceTree = "<group>"; };
		DC203E3E1FE4665200AA674D /* 15 */ = {isa = PBXFileReference; explicitFileType = "compiled.mach-o.executable"; includeInIndex = 0; path = 15; sourceTree = BUILT_PRODUCTS_DIR; };
		DC203E401FE4665200AA674D /* main.swift */ = {isa = PBXFileReference; lastKnownFileType = sourcecode.swift; path = main.swift; sourceTree = "<group>"; };
		DC203E4B1FE5711100AA674D /* 16 */ = {isa = PBXFileReference; explicitFileType = "compiled.mach-o.executable"; includeInIndex = 0; path = 16; sourceTree = BUILT_PRODUCTS_DIR; };
		DC203E4D1FE5711200AA674D /* main.swift */ = {isa = PBXFileReference; lastKnownFileType = sourcecode.swift; path = main.swift; sourceTree = "<group>"; };
		DC203E521FE571C500AA674D /* 16.swift */ = {isa = PBXFileReference; fileEncoding = 4; lastKnownFileType = sourcecode.swift; path = 16.swift; sourceTree = "<group>"; };
		DC203E581FE6F3AE00AA674D /* 17 */ = {isa = PBXFileReference; explicitFileType = "compiled.mach-o.executable"; includeInIndex = 0; path = 17; sourceTree = BUILT_PRODUCTS_DIR; };
		DC203E5A1FE6F3AE00AA674D /* main.swift */ = {isa = PBXFileReference; lastKnownFileType = sourcecode.swift; path = main.swift; sourceTree = "<group>"; };
		DC2FDA041FDA0A740021AA29 /* 7 */ = {isa = PBXFileReference; explicitFileType = "compiled.mach-o.executable"; includeInIndex = 0; path = 7; sourceTree = BUILT_PRODUCTS_DIR; };
		DC2FDA061FDA0A740021AA29 /* main.swift */ = {isa = PBXFileReference; lastKnownFileType = sourcecode.swift; path = main.swift; sourceTree = "<group>"; };
		DC2FDA0B1FDA0AC80021AA29 /* 7.swift */ = {isa = PBXFileReference; fileEncoding = 4; lastKnownFileType = sourcecode.swift; path = 7.swift; sourceTree = "<group>"; };
		DC30664F1FEACD5D004C7181 /* 20 */ = {isa = PBXFileReference; explicitFileType = "compiled.mach-o.executable"; includeInIndex = 0; path = 20; sourceTree = BUILT_PRODUCTS_DIR; };
		DC3066511FEACD5D004C7181 /* main.swift */ = {isa = PBXFileReference; lastKnownFileType = sourcecode.swift; path = main.swift; sourceTree = "<group>"; };
		DC3066561FEACD82004C7181 /* 20.swift */ = {isa = PBXFileReference; fileEncoding = 4; lastKnownFileType = sourcecode.swift; path = 20.swift; sourceTree = "<group>"; };
		DC4B58691FF02AF800E9F0B1 /* 24 */ = {isa = PBXFileReference; explicitFileType = "compiled.mach-o.executable"; includeInIndex = 0; path = 24; sourceTree = BUILT_PRODUCTS_DIR; };
		DC4B586B1FF02AF800E9F0B1 /* main.swift */ = {isa = PBXFileReference; lastKnownFileType = sourcecode.swift; path = main.swift; sourceTree = "<group>"; };
		DC4B58701FF02B6D00E9F0B1 /* 24.swift */ = {isa = PBXFileReference; fileEncoding = 4; lastKnownFileType = sourcecode.swift; path = 24.swift; sourceTree = "<group>"; };
		DC4B58761FF05C9200E9F0B1 /* 25 */ = {isa = PBXFileReference; explicitFileType = "compiled.mach-o.executable"; includeInIndex = 0; path = 25; sourceTree = BUILT_PRODUCTS_DIR; };
		DC4B58781FF05C9200E9F0B1 /* main.swift */ = {isa = PBXFileReference; lastKnownFileType = sourcecode.swift; path = main.swift; sourceTree = "<group>"; };
		DC4F53601FE80D17009DAF71 /* 18 */ = {isa = PBXFileReference; explicitFileType = "compiled.mach-o.executable"; includeInIndex = 0; path = 18; sourceTree = BUILT_PRODUCTS_DIR; };
		DC4F53621FE80D17009DAF71 /* main.swift */ = {isa = PBXFileReference; lastKnownFileType = sourcecode.swift; path = main.swift; sourceTree = "<group>"; };
		DC4F53671FE80D9C009DAF71 /* 18.swift */ = {isa = PBXFileReference; fileEncoding = 4; lastKnownFileType = sourcecode.swift; path = 18.swift; sourceTree = "<group>"; };
		DC5989441FD7A71B0093DD2B /* 1-Bridging-Header.h */ = {isa = PBXFileReference; lastKnownFileType = sourcecode.c.h; path = "1-Bridging-Header.h"; sourceTree = "<group>"; };
		DC6041C41FDAEA08000985E9 /* 8 */ = {isa = PBXFileReference; explicitFileType = "compiled.mach-o.executable"; includeInIndex = 0; path = 8; sourceTree = BUILT_PRODUCTS_DIR; };
		DC6041C61FDAEA08000985E9 /* main.swift */ = {isa = PBXFileReference; lastKnownFileType = sourcecode.swift; path = main.swift; sourceTree = "<group>"; };
		DC6041CB1FDAEA4A000985E9 /* 8.swift */ = {isa = PBXFileReference; fileEncoding = 4; lastKnownFileType = sourcecode.swift; path = 8.swift; sourceTree = "<group>"; };
		DC6E81281FE1C08600137600 /* 13 */ = {isa = PBXFileReference; explicitFileType = "compiled.mach-o.executable"; includeInIndex = 0; path = 13; sourceTree = BUILT_PRODUCTS_DIR; };
		DC6E812A1FE1C08600137600 /* main.swift */ = {isa = PBXFileReference; lastKnownFileType = sourcecode.swift; path = main.swift; sourceTree = "<group>"; };
		DC6E812F1FE1C09200137600 /* 13.swift */ = {isa = PBXFileReference; fileEncoding = 4; lastKnownFileType = sourcecode.swift; path = 13.swift; sourceTree = "<group>"; };
		DC7E9A1E1FDBA2A40080CB7E /* 9 */ = {isa = PBXFileReference; explicitFileType = "compiled.mach-o.executable"; includeInIndex = 0; path = 9; sourceTree = BUILT_PRODUCTS_DIR; };
		DC7E9A201FDBA2A40080CB7E /* main.swift */ = {isa = PBXFileReference; lastKnownFileType = sourcecode.swift; path = main.swift; sourceTree = "<group>"; };
		DC7E9A251FDBA5970080CB7E /* 9.swift */ = {isa = PBXFileReference; fileEncoding = 4; lastKnownFileType = sourcecode.swift; path = 9.swift; sourceTree = "<group>"; };
		DC7E9A2B1FDDC0FD0080CB7E /* 10 */ = {isa = PBXFileReference; explicitFileType = "compiled.mach-o.executable"; includeInIndex = 0; path = 10; sourceTree = BUILT_PRODUCTS_DIR; };
		DC7E9A2D1FDDC0FD0080CB7E /* main.swift */ = {isa = PBXFileReference; lastKnownFileType = sourcecode.swift; path = main.swift; sourceTree = "<group>"; };
		DC7E9A321FDDC2BC0080CB7E /* 10.swift */ = {isa = PBXFileReference; fileEncoding = 4; lastKnownFileType = sourcecode.swift; path = 10.swift; sourceTree = "<group>"; };
		DC834F211FE32B7300952537 /* 14 */ = {isa = PBXFileReference; explicitFileType = "compiled.mach-o.executable"; includeInIndex = 0; path = 14; sourceTree = BUILT_PRODUCTS_DIR; };
		DC834F231FE32B7300952537 /* main.swift */ = {isa = PBXFileReference; lastKnownFileType = sourcecode.swift; path = main.swift; sourceTree = "<group>"; };
		DCA4462A1FD108D0009A3B22 /* 1 */ = {isa = PBXFileReference; explicitFileType = "compiled.mach-o.executable"; includeInIndex = 0; path = 1; sourceTree = BUILT_PRODUCTS_DIR; };
		DCA4462D1FD108D0009A3B22 /* main.swift */ = {isa = PBXFileReference; lastKnownFileType = sourcecode.swift; path = main.swift; sourceTree = "<group>"; };
		DCA446381FD109B3009A3B22 /* 2 */ = {isa = PBXFileReference; explicitFileType = "compiled.mach-o.executable"; includeInIndex = 0; path = 2; sourceTree = BUILT_PRODUCTS_DIR; };
		DCA4463A1FD109B3009A3B22 /* main.swift */ = {isa = PBXFileReference; lastKnownFileType = sourcecode.swift; path = main.swift; sourceTree = "<group>"; };
		DCA70FF51FD4977400BF0EFD /* 4 */ = {isa = PBXFileReference; explicitFileType = "compiled.mach-o.executable"; includeInIndex = 0; path = 4; sourceTree = BUILT_PRODUCTS_DIR; };
		DCA70FF71FD4977400BF0EFD /* main.swift */ = {isa = PBXFileReference; lastKnownFileType = sourcecode.swift; path = main.swift; sourceTree = "<group>"; };
		DCA869371FDEC3390090846F /* 11 */ = {isa = PBXFileReference; explicitFileType = "compiled.mach-o.executable"; includeInIndex = 0; path = 11; sourceTree = BUILT_PRODUCTS_DIR; };
		DCA869391FDEC3390090846F /* main.swift */ = {isa = PBXFileReference; lastKnownFileType = sourcecode.swift; path = main.swift; sourceTree = "<group>"; };
		DCA8693E1FDEC3570090846F /* 11.swift */ = {isa = PBXFileReference; fileEncoding = 4; lastKnownFileType = sourcecode.swift; path = 11.swift; sourceTree = "<group>"; };
		DCAA33B81FD725A00075C768 /* 5 */ = {isa = PBXFileReference; explicitFileType = "compiled.mach-o.executable"; includeInIndex = 0; path = 5; sourceTree = BUILT_PRODUCTS_DIR; };
		DCAA33BA1FD725A10075C768 /* main.swift */ = {isa = PBXFileReference; lastKnownFileType = sourcecode.swift; path = main.swift; sourceTree = "<group>"; };
		DCAA33BF1FD725BC0075C768 /* 5.swift */ = {isa = PBXFileReference; fileEncoding = 4; lastKnownFileType = sourcecode.swift; path = 5.swift; sourceTree = "<group>"; };
		DCB27F2B1FD3BC5C006626D2 /* 3 */ = {isa = PBXFileReference; explicitFileType = "compiled.mach-o.executable"; includeInIndex = 0; path = 3; sourceTree = BUILT_PRODUCTS_DIR; };
		DCB27F2D1FD3BC5C006626D2 /* main.swift */ = {isa = PBXFileReference; lastKnownFileType = sourcecode.swift; path = main.swift; sourceTree = "<group>"; };
		DCB648A41FD1CFCD00CC25EC /* Useful.swift */ = {isa = PBXFileReference; lastKnownFileType = sourcecode.swift; path = Useful.swift; sourceTree = "<group>"; };
		DCC2655A1FD6118B00533C63 /* 4.swift */ = {isa = PBXFileReference; fileEncoding = 4; lastKnownFileType = sourcecode.swift; path = 4.swift; sourceTree = "<group>"; };
		DCEA84C61FE98E3F00271C4C /* 19 */ = {isa = PBXFileReference; explicitFileType = "compiled.mach-o.executable"; includeInIndex = 0; path = 19; sourceTree = BUILT_PRODUCTS_DIR; };
		DCEA84C81FE98E3F00271C4C /* main.swift */ = {isa = PBXFileReference; lastKnownFileType = sourcecode.swift; path = main.swift; sourceTree = "<group>"; };
		DCEA84CD1FE98E4D00271C4C /* 19.swift */ = {isa = PBXFileReference; fileEncoding = 4; lastKnownFileType = sourcecode.swift; path = 19.swift; sourceTree = "<group>"; };
		DCEA84CF1FE9AB9200271C4C /* test19.swift */ = {isa = PBXFileReference; fileEncoding = 4; lastKnownFileType = sourcecode.swift; path = test19.swift; sourceTree = "<group>"; };
		DCF8D6C11FEC8BCA00152A67 /* 21 */ = {isa = PBXFileReference; explicitFileType = "compiled.mach-o.executable"; includeInIndex = 0; path = 21; sourceTree = BUILT_PRODUCTS_DIR; };
		DCF8D6C31FEC8BCA00152A67 /* main.swift */ = {isa = PBXFileReference; lastKnownFileType = sourcecode.swift; path = main.swift; sourceTree = "<group>"; };
		DCF8D6C81FEC8EAA00152A67 /* 21.swift */ = {isa = PBXFileReference; fileEncoding = 4; lastKnownFileType = sourcecode.swift; path = 21.swift; sourceTree = "<group>"; };
		DCF8D6CE1FED82DA00152A67 /* 22 */ = {isa = PBXFileReference; explicitFileType = "compiled.mach-o.executable"; includeInIndex = 0; path = 22; sourceTree = BUILT_PRODUCTS_DIR; };
		DCF8D6D01FED82DA00152A67 /* main.swift */ = {isa = PBXFileReference; lastKnownFileType = sourcecode.swift; path = main.swift; sourceTree = "<group>"; };
		DCF8D6D51FED833000152A67 /* 22.swift */ = {isa = PBXFileReference; fileEncoding = 4; lastKnownFileType = sourcecode.swift; path = 22.swift; sourceTree = "<group>"; };
/* End PBXFileReference section */

/* Begin PBXFrameworksBuildPhase section */
		DC03EA841FE05CA100430393 /* Frameworks */ = {
			isa = PBXFrameworksBuildPhase;
			buildActionMask = 2147483647;
			files = (
			);
			runOnlyForDeploymentPostprocessing = 0;
		};
		DC0966061FEEAEEC007C40F8 /* Frameworks */ = {
			isa = PBXFrameworksBuildPhase;
			buildActionMask = 2147483647;
			files = (
			);
			runOnlyForDeploymentPostprocessing = 0;
		};
		DC12F5AB1FD7A43100A3839F /* Frameworks */ = {
			isa = PBXFrameworksBuildPhase;
			buildActionMask = 2147483647;
			files = (
			);
			runOnlyForDeploymentPostprocessing = 0;
		};
		DC203E3B1FE4665200AA674D /* Frameworks */ = {
			isa = PBXFrameworksBuildPhase;
			buildActionMask = 2147483647;
			files = (
			);
			runOnlyForDeploymentPostprocessing = 0;
		};
		DC203E481FE5711100AA674D /* Frameworks */ = {
			isa = PBXFrameworksBuildPhase;
			buildActionMask = 2147483647;
			files = (
			);
			runOnlyForDeploymentPostprocessing = 0;
		};
		DC203E551FE6F3AE00AA674D /* Frameworks */ = {
			isa = PBXFrameworksBuildPhase;
			buildActionMask = 2147483647;
			files = (
			);
			runOnlyForDeploymentPostprocessing = 0;
		};
		DC2FDA011FDA0A740021AA29 /* Frameworks */ = {
			isa = PBXFrameworksBuildPhase;
			buildActionMask = 2147483647;
			files = (
			);
			runOnlyForDeploymentPostprocessing = 0;
		};
		DC30664C1FEACD5D004C7181 /* Frameworks */ = {
			isa = PBXFrameworksBuildPhase;
			buildActionMask = 2147483647;
			files = (
			);
			runOnlyForDeploymentPostprocessing = 0;
		};
		DC4B58661FF02AF800E9F0B1 /* Frameworks */ = {
			isa = PBXFrameworksBuildPhase;
			buildActionMask = 2147483647;
			files = (
			);
			runOnlyForDeploymentPostprocessing = 0;
		};
		DC4B58731FF05C9200E9F0B1 /* Frameworks */ = {
			isa = PBXFrameworksBuildPhase;
			buildActionMask = 2147483647;
			files = (
			);
			runOnlyForDeploymentPostprocessing = 0;
		};
		DC4F535D1FE80D17009DAF71 /* Frameworks */ = {
			isa = PBXFrameworksBuildPhase;
			buildActionMask = 2147483647;
			files = (
			);
			runOnlyForDeploymentPostprocessing = 0;
		};
		DC6041C11FDAEA08000985E9 /* Frameworks */ = {
			isa = PBXFrameworksBuildPhase;
			buildActionMask = 2147483647;
			files = (
			);
			runOnlyForDeploymentPostprocessing = 0;
		};
		DC6E81251FE1C08600137600 /* Frameworks */ = {
			isa = PBXFrameworksBuildPhase;
			buildActionMask = 2147483647;
			files = (
			);
			runOnlyForDeploymentPostprocessing = 0;
		};
		DC7E9A1B1FDBA2A40080CB7E /* Frameworks */ = {
			isa = PBXFrameworksBuildPhase;
			buildActionMask = 2147483647;
			files = (
			);
			runOnlyForDeploymentPostprocessing = 0;
		};
		DC7E9A281FDDC0FD0080CB7E /* Frameworks */ = {
			isa = PBXFrameworksBuildPhase;
			buildActionMask = 2147483647;
			files = (
			);
			runOnlyForDeploymentPostprocessing = 0;
		};
		DC834F1E1FE32B7300952537 /* Frameworks */ = {
			isa = PBXFrameworksBuildPhase;
			buildActionMask = 2147483647;
			files = (
			);
			runOnlyForDeploymentPostprocessing = 0;
		};
		DCA446271FD108D0009A3B22 /* Frameworks */ = {
			isa = PBXFrameworksBuildPhase;
			buildActionMask = 2147483647;
			files = (
			);
			runOnlyForDeploymentPostprocessing = 0;
		};
		DCA446351FD109B3009A3B22 /* Frameworks */ = {
			isa = PBXFrameworksBuildPhase;
			buildActionMask = 2147483647;
			files = (
			);
			runOnlyForDeploymentPostprocessing = 0;
		};
		DCA70FF21FD4977400BF0EFD /* Frameworks */ = {
			isa = PBXFrameworksBuildPhase;
			buildActionMask = 2147483647;
			files = (
			);
			runOnlyForDeploymentPostprocessing = 0;
		};
		DCA869341FDEC3390090846F /* Frameworks */ = {
			isa = PBXFrameworksBuildPhase;
			buildActionMask = 2147483647;
			files = (
			);
			runOnlyForDeploymentPostprocessing = 0;
		};
		DCAA33B51FD725A00075C768 /* Frameworks */ = {
			isa = PBXFrameworksBuildPhase;
			buildActionMask = 2147483647;
			files = (
			);
			runOnlyForDeploymentPostprocessing = 0;
		};
		DCB27F281FD3BC5C006626D2 /* Frameworks */ = {
			isa = PBXFrameworksBuildPhase;
			buildActionMask = 2147483647;
			files = (
			);
			runOnlyForDeploymentPostprocessing = 0;
		};
		DCEA84C31FE98E3F00271C4C /* Frameworks */ = {
			isa = PBXFrameworksBuildPhase;
			buildActionMask = 2147483647;
			files = (
			);
			runOnlyForDeploymentPostprocessing = 0;
		};
		DCF8D6BE1FEC8BCA00152A67 /* Frameworks */ = {
			isa = PBXFrameworksBuildPhase;
			buildActionMask = 2147483647;
			files = (
			);
			runOnlyForDeploymentPostprocessing = 0;
		};
		DCF8D6CB1FED82DA00152A67 /* Frameworks */ = {
			isa = PBXFrameworksBuildPhase;
			buildActionMask = 2147483647;
			files = (
			);
			runOnlyForDeploymentPostprocessing = 0;
		};
/* End PBXFrameworksBuildPhase section */

/* Begin PBXGroup section */
		DC03EA881FE05CA100430393 /* 12 */ = {
			isa = PBXGroup;
			children = (
				DC03EA891FE05CA100430393 /* main.swift */,
				DC03EA8E1FE05CC900430393 /* 12.swift */,
			);
			path = 12;
			sourceTree = "<group>";
		};
		DC09660A1FEEAEEC007C40F8 /* 23 */ = {
			isa = PBXGroup;
			children = (
				DC0966101FEEAF3A007C40F8 /* 23.swift */,
				DC09660B1FEEAEEC007C40F8 /* main.swift */,
			);
			path = 23;
			sourceTree = "<group>";
		};
		DC12F5AF1FD7A43100A3839F /* 6 */ = {
			isa = PBXGroup;
			children = (
				DC12F5B01FD7A43100A3839F /* main.swift */,
			);
			path = 6;
			sourceTree = "<group>";
		};
		DC203E3F1FE4665200AA674D /* 15 */ = {
			isa = PBXGroup;
			children = (
				DC203E401FE4665200AA674D /* main.swift */,
			);
			path = 15;
			sourceTree = "<group>";
		};
		DC203E4C1FE5711100AA674D /* 16 */ = {
			isa = PBXGroup;
			children = (
				DC203E4D1FE5711200AA674D /* main.swift */,
				DC203E521FE571C500AA674D /* 16.swift */,
			);
			path = 16;
			sourceTree = "<group>";
		};
		DC203E591FE6F3AE00AA674D /* 17 */ = {
			isa = PBXGroup;
			children = (
				DC203E5A1FE6F3AE00AA674D /* main.swift */,
			);
			path = 17;
			sourceTree = "<group>";
		};
		DC2FDA051FDA0A740021AA29 /* 7 */ = {
			isa = PBXGroup;
			children = (
				DC2FDA061FDA0A740021AA29 /* main.swift */,
				DC2FDA0B1FDA0AC80021AA29 /* 7.swift */,
			);
			path = 7;
			sourceTree = "<group>";
		};
		DC3066501FEACD5D004C7181 /* 20 */ = {
			isa = PBXGroup;
			children = (
				DC3066561FEACD82004C7181 /* 20.swift */,
				DC3066511FEACD5D004C7181 /* main.swift */,
			);
			path = 20;
			sourceTree = "<group>";
		};
		DC4B586A1FF02AF800E9F0B1 /* 24 */ = {
			isa = PBXGroup;
			children = (
				DC4B58701FF02B6D00E9F0B1 /* 24.swift */,
				DC4B586B1FF02AF800E9F0B1 /* main.swift */,
			);
			path = 24;
			sourceTree = "<group>";
		};
		DC4B58771FF05C9200E9F0B1 /* 25 */ = {
			isa = PBXGroup;
			children = (
				DC4B58781FF05C9200E9F0B1 /* main.swift */,
			);
			path = 25;
			sourceTree = "<group>";
		};
		DC4F53611FE80D17009DAF71 /* 18 */ = {
			isa = PBXGroup;
			children = (
				DC4F53671FE80D9C009DAF71 /* 18.swift */,
				DC4F53621FE80D17009DAF71 /* main.swift */,
			);
			path = 18;
			sourceTree = "<group>";
		};
		DC6041C51FDAEA08000985E9 /* 8 */ = {
			isa = PBXGroup;
			children = (
				DC6041C61FDAEA08000985E9 /* main.swift */,
				DC6041CB1FDAEA4A000985E9 /* 8.swift */,
			);
			path = 8;
			sourceTree = "<group>";
		};
		DC6E81291FE1C08600137600 /* 13 */ = {
			isa = PBXGroup;
			children = (
				DC6E812F1FE1C09200137600 /* 13.swift */,
				DC6E812A1FE1C08600137600 /* main.swift */,
			);
			path = 13;
			sourceTree = "<group>";
		};
		DC7E9A1F1FDBA2A40080CB7E /* 9 */ = {
			isa = PBXGroup;
			children = (
				DC7E9A201FDBA2A40080CB7E /* main.swift */,
				DC7E9A251FDBA5970080CB7E /* 9.swift */,
			);
			path = 9;
			sourceTree = "<group>";
		};
		DC7E9A2C1FDDC0FD0080CB7E /* 10 */ = {
			isa = PBXGroup;
			children = (
				DC7E9A2D1FDDC0FD0080CB7E /* main.swift */,
				DC7E9A321FDDC2BC0080CB7E /* 10.swift */,
			);
			path = 10;
			sourceTree = "<group>";
		};
		DC834F221FE32B7300952537 /* 14 */ = {
			isa = PBXGroup;
			children = (
				DC834F231FE32B7300952537 /* main.swift */,
			);
			path = 14;
			sourceTree = "<group>";
		};
		DCA446211FD108D0009A3B22 = {
			isa = PBXGroup;
			children = (
				DCB648A41FD1CFCD00CC25EC /* Useful.swift */,
				DCA4462C1FD108D0009A3B22 /* 1 */,
				DCA446391FD109B3009A3B22 /* 2 */,
				DCB27F2C1FD3BC5C006626D2 /* 3 */,
				DCA70FF61FD4977400BF0EFD /* 4 */,
				DCAA33B91FD725A10075C768 /* 5 */,
				DC12F5AF1FD7A43100A3839F /* 6 */,
				DC2FDA051FDA0A740021AA29 /* 7 */,
				DC6041C51FDAEA08000985E9 /* 8 */,
				DC7E9A1F1FDBA2A40080CB7E /* 9 */,
				DC7E9A2C1FDDC0FD0080CB7E /* 10 */,
				DCA869381FDEC3390090846F /* 11 */,
				DC03EA881FE05CA100430393 /* 12 */,
				DC6E81291FE1C08600137600 /* 13 */,
				DC834F221FE32B7300952537 /* 14 */,
				DC203E3F1FE4665200AA674D /* 15 */,
				DC203E4C1FE5711100AA674D /* 16 */,
				DC203E591FE6F3AE00AA674D /* 17 */,
				DC4F53611FE80D17009DAF71 /* 18 */,
				DCEA84C71FE98E3F00271C4C /* 19 */,
				DC3066501FEACD5D004C7181 /* 20 */,
				DCF8D6C21FEC8BCA00152A67 /* 21 */,
				DCF8D6CF1FED82DA00152A67 /* 22 */,
				DC09660A1FEEAEEC007C40F8 /* 23 */,
				DC4B586A1FF02AF800E9F0B1 /* 24 */,
				DC4B58771FF05C9200E9F0B1 /* 25 */,
				DCA4462B1FD108D0009A3B22 /* Products */,
				DC5989441FD7A71B0093DD2B /* 1-Bridging-Header.h */,
			);
			sourceTree = "<group>";
		};
		DCA4462B1FD108D0009A3B22 /* Products */ = {
			isa = PBXGroup;
			children = (
				DCA4462A1FD108D0009A3B22 /* 1 */,
				DCA446381FD109B3009A3B22 /* 2 */,
				DCB27F2B1FD3BC5C006626D2 /* 3 */,
				DCA70FF51FD4977400BF0EFD /* 4 */,
				DCAA33B81FD725A00075C768 /* 5 */,
				DC12F5AE1FD7A43100A3839F /* 6 */,
				DC2FDA041FDA0A740021AA29 /* 7 */,
				DC6041C41FDAEA08000985E9 /* 8 */,
				DC7E9A1E1FDBA2A40080CB7E /* 9 */,
				DC7E9A2B1FDDC0FD0080CB7E /* 10 */,
				DCA869371FDEC3390090846F /* 11 */,
				DC03EA871FE05CA100430393 /* 12 */,
				DC6E81281FE1C08600137600 /* 13 */,
				DC834F211FE32B7300952537 /* 14 */,
				DC203E3E1FE4665200AA674D /* 15 */,
				DC203E4B1FE5711100AA674D /* 16 */,
				DC203E581FE6F3AE00AA674D /* 17 */,
				DC4F53601FE80D17009DAF71 /* 18 */,
				DCEA84C61FE98E3F00271C4C /* 19 */,
				DC30664F1FEACD5D004C7181 /* 20 */,
				DCF8D6C11FEC8BCA00152A67 /* 21 */,
				DCF8D6CE1FED82DA00152A67 /* 22 */,
				DC0966091FEEAEEC007C40F8 /* 23 */,
				DC4B58691FF02AF800E9F0B1 /* 24 */,
				DC4B58761FF05C9200E9F0B1 /* 25 */,
			);
			name = Products;
			sourceTree = "<group>";
		};
		DCA4462C1FD108D0009A3B22 /* 1 */ = {
			isa = PBXGroup;
			children = (
				DCA4462D1FD108D0009A3B22 /* main.swift */,
			);
			path = 1;
			sourceTree = "<group>";
		};
		DCA446391FD109B3009A3B22 /* 2 */ = {
			isa = PBXGroup;
			children = (
				DCA4463A1FD109B3009A3B22 /* main.swift */,
			);
			path = 2;
			sourceTree = "<group>";
		};
		DCA70FF61FD4977400BF0EFD /* 4 */ = {
			isa = PBXGroup;
			children = (
				DCC2655A1FD6118B00533C63 /* 4.swift */,
				DCA70FF71FD4977400BF0EFD /* main.swift */,
			);
			path = 4;
			sourceTree = "<group>";
		};
		DCA869381FDEC3390090846F /* 11 */ = {
			isa = PBXGroup;
			children = (
				DCA869391FDEC3390090846F /* main.swift */,
				DCA8693E1FDEC3570090846F /* 11.swift */,
			);
			path = 11;
			sourceTree = "<group>";
		};
		DCAA33B91FD725A10075C768 /* 5 */ = {
			isa = PBXGroup;
			children = (
				DCAA33BF1FD725BC0075C768 /* 5.swift */,
				DCAA33BA1FD725A10075C768 /* main.swift */,
			);
			path = 5;
			sourceTree = "<group>";
		};
		DCB27F2C1FD3BC5C006626D2 /* 3 */ = {
			isa = PBXGroup;
			children = (
				DCB27F2D1FD3BC5C006626D2 /* main.swift */,
			);
			path = 3;
			sourceTree = "<group>";
		};
		DCEA84C71FE98E3F00271C4C /* 19 */ = {
			isa = PBXGroup;
			children = (
				DCEA84CD1FE98E4D00271C4C /* 19.swift */,
				DCEA84CF1FE9AB9200271C4C /* test19.swift */,
				DCEA84C81FE98E3F00271C4C /* main.swift */,
			);
			path = 19;
			sourceTree = "<group>";
		};
		DCF8D6C21FEC8BCA00152A67 /* 21 */ = {
			isa = PBXGroup;
			children = (
				DCF8D6C81FEC8EAA00152A67 /* 21.swift */,
				DCF8D6C31FEC8BCA00152A67 /* main.swift */,
			);
			path = 21;
			sourceTree = "<group>";
		};
		DCF8D6CF1FED82DA00152A67 /* 22 */ = {
			isa = PBXGroup;
			children = (
				DCF8D6D51FED833000152A67 /* 22.swift */,
				DCF8D6D01FED82DA00152A67 /* main.swift */,
			);
			path = 22;
			sourceTree = "<group>";
		};
/* End PBXGroup section */

/* Begin PBXNativeTarget section */
		DC03EA861FE05CA100430393 /* 12 */ = {
			isa = PBXNativeTarget;
			buildConfigurationList = DC03EA8D1FE05CA100430393 /* Build configuration list for PBXNativeTarget "12" */;
			buildPhases = (
				DC03EA831FE05CA100430393 /* Sources */,
				DC03EA841FE05CA100430393 /* Frameworks */,
				DC03EA851FE05CA100430393 /* CopyFiles */,
			);
			buildRules = (
			);
			dependencies = (
			);
			name = 12;
			productName = 12;
			productReference = DC03EA871FE05CA100430393 /* 12 */;
			productType = "com.apple.product-type.tool";
		};
		DC0966081FEEAEEC007C40F8 /* 23 */ = {
			isa = PBXNativeTarget;
			buildConfigurationList = DC09660F1FEEAEEC007C40F8 /* Build configuration list for PBXNativeTarget "23" */;
			buildPhases = (
				DC0966051FEEAEEC007C40F8 /* Sources */,
				DC0966061FEEAEEC007C40F8 /* Frameworks */,
				DC0966071FEEAEEC007C40F8 /* CopyFiles */,
			);
			buildRules = (
			);
			dependencies = (
			);
			name = 23;
			productName = 23;
			productReference = DC0966091FEEAEEC007C40F8 /* 23 */;
			productType = "com.apple.product-type.tool";
		};
		DC12F5AD1FD7A43100A3839F /* 6 */ = {
			isa = PBXNativeTarget;
			buildConfigurationList = DC12F5B41FD7A43100A3839F /* Build configuration list for PBXNativeTarget "6" */;
			buildPhases = (
				DC12F5AA1FD7A43100A3839F /* Sources */,
				DC12F5AB1FD7A43100A3839F /* Frameworks */,
				DC12F5AC1FD7A43100A3839F /* CopyFiles */,
			);
			buildRules = (
			);
			dependencies = (
			);
			name = 6;
			productName = 6;
			productReference = DC12F5AE1FD7A43100A3839F /* 6 */;
			productType = "com.apple.product-type.tool";
		};
		DC203E3D1FE4665200AA674D /* 15 */ = {
			isa = PBXNativeTarget;
			buildConfigurationList = DC203E441FE4665200AA674D /* Build configuration list for PBXNativeTarget "15" */;
			buildPhases = (
				DC203E3A1FE4665200AA674D /* Sources */,
				DC203E3B1FE4665200AA674D /* Frameworks */,
				DC203E3C1FE4665200AA674D /* CopyFiles */,
			);
			buildRules = (
			);
			dependencies = (
			);
			name = 15;
			productName = 15;
			productReference = DC203E3E1FE4665200AA674D /* 15 */;
			productType = "com.apple.product-type.tool";
		};
		DC203E4A1FE5711100AA674D /* 16 */ = {
			isa = PBXNativeTarget;
			buildConfigurationList = DC203E511FE5711200AA674D /* Build configuration list for PBXNativeTarget "16" */;
			buildPhases = (
				DC203E471FE5711100AA674D /* Sources */,
				DC203E481FE5711100AA674D /* Frameworks */,
				DC203E491FE5711100AA674D /* CopyFiles */,
			);
			buildRules = (
			);
			dependencies = (
			);
			name = 16;
			productName = 16;
			productReference = DC203E4B1FE5711100AA674D /* 16 */;
			productType = "com.apple.product-type.tool";
		};
		DC203E571FE6F3AE00AA674D /* 17 */ = {
			isa = PBXNativeTarget;
			buildConfigurationList = DC203E5E1FE6F3AE00AA674D /* Build configuration list for PBXNativeTarget "17" */;
			buildPhases = (
				DC203E541FE6F3AE00AA674D /* Sources */,
				DC203E551FE6F3AE00AA674D /* Frameworks */,
				DC203E561FE6F3AE00AA674D /* CopyFiles */,
			);
			buildRules = (
			);
			dependencies = (
			);
			name = 17;
			productName = 17;
			productReference = DC203E581FE6F3AE00AA674D /* 17 */;
			productType = "com.apple.product-type.tool";
		};
		DC2FDA031FDA0A740021AA29 /* 7 */ = {
			isa = PBXNativeTarget;
			buildConfigurationList = DC2FDA0A1FDA0A740021AA29 /* Build configuration list for PBXNativeTarget "7" */;
			buildPhases = (
				DC2FDA001FDA0A740021AA29 /* Sources */,
				DC2FDA011FDA0A740021AA29 /* Frameworks */,
				DC2FDA021FDA0A740021AA29 /* CopyFiles */,
			);
			buildRules = (
			);
			dependencies = (
			);
			name = 7;
			productName = 7;
			productReference = DC2FDA041FDA0A740021AA29 /* 7 */;
			productType = "com.apple.product-type.tool";
		};
		DC30664E1FEACD5D004C7181 /* 20 */ = {
			isa = PBXNativeTarget;
			buildConfigurationList = DC3066551FEACD5D004C7181 /* Build configuration list for PBXNativeTarget "20" */;
			buildPhases = (
				DC30664B1FEACD5D004C7181 /* Sources */,
				DC30664C1FEACD5D004C7181 /* Frameworks */,
				DC30664D1FEACD5D004C7181 /* CopyFiles */,
			);
			buildRules = (
			);
			dependencies = (
			);
			name = 20;
			productName = 20;
			productReference = DC30664F1FEACD5D004C7181 /* 20 */;
			productType = "com.apple.product-type.tool";
		};
		DC4B58681FF02AF800E9F0B1 /* 24 */ = {
			isa = PBXNativeTarget;
			buildConfigurationList = DC4B586F1FF02AF800E9F0B1 /* Build configuration list for PBXNativeTarget "24" */;
			buildPhases = (
				DC4B58651FF02AF800E9F0B1 /* Sources */,
				DC4B58661FF02AF800E9F0B1 /* Frameworks */,
				DC4B58671FF02AF800E9F0B1 /* CopyFiles */,
			);
			buildRules = (
			);
			dependencies = (
			);
			name = 24;
			productName = 24;
			productReference = DC4B58691FF02AF800E9F0B1 /* 24 */;
			productType = "com.apple.product-type.tool";
		};
		DC4B58751FF05C9200E9F0B1 /* 25 */ = {
			isa = PBXNativeTarget;
			buildConfigurationList = DC4B587A1FF05C9200E9F0B1 /* Build configuration list for PBXNativeTarget "25" */;
			buildPhases = (
				DC4B58721FF05C9200E9F0B1 /* Sources */,
				DC4B58731FF05C9200E9F0B1 /* Frameworks */,
				DC4B58741FF05C9200E9F0B1 /* CopyFiles */,
			);
			buildRules = (
			);
			dependencies = (
			);
			name = 25;
			productName = 25;
			productReference = DC4B58761FF05C9200E9F0B1 /* 25 */;
			productType = "com.apple.product-type.tool";
		};
		DC4F535F1FE80D17009DAF71 /* 18 */ = {
			isa = PBXNativeTarget;
			buildConfigurationList = DC4F53661FE80D17009DAF71 /* Build configuration list for PBXNativeTarget "18" */;
			buildPhases = (
				DC4F535C1FE80D17009DAF71 /* Sources */,
				DC4F535D1FE80D17009DAF71 /* Frameworks */,
				DC4F535E1FE80D17009DAF71 /* CopyFiles */,
			);
			buildRules = (
			);
			dependencies = (
			);
			name = 18;
			productName = 18;
			productReference = DC4F53601FE80D17009DAF71 /* 18 */;
			productType = "com.apple.product-type.tool";
		};
		DC6041C31FDAEA08000985E9 /* 8 */ = {
			isa = PBXNativeTarget;
			buildConfigurationList = DC6041CA1FDAEA08000985E9 /* Build configuration list for PBXNativeTarget "8" */;
			buildPhases = (
				DC6041C01FDAEA08000985E9 /* Sources */,
				DC6041C11FDAEA08000985E9 /* Frameworks */,
				DC6041C21FDAEA08000985E9 /* CopyFiles */,
			);
			buildRules = (
			);
			dependencies = (
			);
			name = 8;
			productName = 8;
			productReference = DC6041C41FDAEA08000985E9 /* 8 */;
			productType = "com.apple.product-type.tool";
		};
		DC6E81271FE1C08600137600 /* 13 */ = {
			isa = PBXNativeTarget;
			buildConfigurationList = DC6E812E1FE1C08600137600 /* Build configuration list for PBXNativeTarget "13" */;
			buildPhases = (
				DC6E81241FE1C08600137600 /* Sources */,
				DC6E81251FE1C08600137600 /* Frameworks */,
				DC6E81261FE1C08600137600 /* CopyFiles */,
			);
			buildRules = (
			);
			dependencies = (
			);
			name = 13;
			productName = 13;
			productReference = DC6E81281FE1C08600137600 /* 13 */;
			productType = "com.apple.product-type.tool";
		};
		DC7E9A1D1FDBA2A40080CB7E /* 9 */ = {
			isa = PBXNativeTarget;
			buildConfigurationList = DC7E9A241FDBA2A40080CB7E /* Build configuration list for PBXNativeTarget "9" */;
			buildPhases = (
				DC7E9A1A1FDBA2A40080CB7E /* Sources */,
				DC7E9A1B1FDBA2A40080CB7E /* Frameworks */,
				DC7E9A1C1FDBA2A40080CB7E /* CopyFiles */,
			);
			buildRules = (
			);
			dependencies = (
			);
			name = 9;
			productName = 9;
			productReference = DC7E9A1E1FDBA2A40080CB7E /* 9 */;
			productType = "com.apple.product-type.tool";
		};
		DC7E9A2A1FDDC0FD0080CB7E /* 10 */ = {
			isa = PBXNativeTarget;
			buildConfigurationList = DC7E9A311FDDC0FD0080CB7E /* Build configuration list for PBXNativeTarget "10" */;
			buildPhases = (
				DC7E9A271FDDC0FD0080CB7E /* Sources */,
				DC7E9A281FDDC0FD0080CB7E /* Frameworks */,
				DC7E9A291FDDC0FD0080CB7E /* CopyFiles */,
			);
			buildRules = (
			);
			dependencies = (
			);
			name = 10;
			productName = 10;
			productReference = DC7E9A2B1FDDC0FD0080CB7E /* 10 */;
			productType = "com.apple.product-type.tool";
		};
		DC834F201FE32B7300952537 /* 14 */ = {
			isa = PBXNativeTarget;
			buildConfigurationList = DC834F271FE32B7300952537 /* Build configuration list for PBXNativeTarget "14" */;
			buildPhases = (
				DC834F1D1FE32B7300952537 /* Sources */,
				DC834F1E1FE32B7300952537 /* Frameworks */,
				DC834F1F1FE32B7300952537 /* CopyFiles */,
			);
			buildRules = (
			);
			dependencies = (
			);
			name = 14;
			productName = 14;
			productReference = DC834F211FE32B7300952537 /* 14 */;
			productType = "com.apple.product-type.tool";
		};
		DCA446291FD108D0009A3B22 /* 1 */ = {
			isa = PBXNativeTarget;
			buildConfigurationList = DCA446311FD108D0009A3B22 /* Build configuration list for PBXNativeTarget "1" */;
			buildPhases = (
				DCA446261FD108D0009A3B22 /* Sources */,
				DCA446271FD108D0009A3B22 /* Frameworks */,
				DCA446281FD108D0009A3B22 /* CopyFiles */,
			);
			buildRules = (
			);
			dependencies = (
			);
			name = 1;
			productName = Advent2017;
			productReference = DCA4462A1FD108D0009A3B22 /* 1 */;
			productType = "com.apple.product-type.tool";
		};
		DCA446371FD109B3009A3B22 /* 2 */ = {
			isa = PBXNativeTarget;
			buildConfigurationList = DCA4463C1FD109B3009A3B22 /* Build configuration list for PBXNativeTarget "2" */;
			buildPhases = (
				DCA446341FD109B3009A3B22 /* Sources */,
				DCA446351FD109B3009A3B22 /* Frameworks */,
				DCA446361FD109B3009A3B22 /* CopyFiles */,
			);
			buildRules = (
			);
			dependencies = (
			);
			name = 2;
			productName = 2;
			productReference = DCA446381FD109B3009A3B22 /* 2 */;
			productType = "com.apple.product-type.tool";
		};
		DCA70FF41FD4977400BF0EFD /* 4 */ = {
			isa = PBXNativeTarget;
			buildConfigurationList = DCA70FFB1FD4977400BF0EFD /* Build configuration list for PBXNativeTarget "4" */;
			buildPhases = (
				DCA70FF11FD4977400BF0EFD /* Sources */,
				DCA70FF21FD4977400BF0EFD /* Frameworks */,
				DCA70FF31FD4977400BF0EFD /* CopyFiles */,
			);
			buildRules = (
			);
			dependencies = (
			);
			name = 4;
			productName = 4;
			productReference = DCA70FF51FD4977400BF0EFD /* 4 */;
			productType = "com.apple.product-type.tool";
		};
		DCA869361FDEC3390090846F /* 11 */ = {
			isa = PBXNativeTarget;
			buildConfigurationList = DCA8693D1FDEC3390090846F /* Build configuration list for PBXNativeTarget "11" */;
			buildPhases = (
				DCA869331FDEC3390090846F /* Sources */,
				DCA869341FDEC3390090846F /* Frameworks */,
				DCA869351FDEC3390090846F /* CopyFiles */,
			);
			buildRules = (
			);
			dependencies = (
			);
			name = 11;
			productName = 11;
			productReference = DCA869371FDEC3390090846F /* 11 */;
			productType = "com.apple.product-type.tool";
		};
		DCAA33B71FD725A00075C768 /* 5 */ = {
			isa = PBXNativeTarget;
			buildConfigurationList = DCAA33BE1FD725A10075C768 /* Build configuration list for PBXNativeTarget "5" */;
			buildPhases = (
				DCAA33B41FD725A00075C768 /* Sources */,
				DCAA33B51FD725A00075C768 /* Frameworks */,
				DCAA33B61FD725A00075C768 /* CopyFiles */,
			);
			buildRules = (
			);
			dependencies = (
			);
			name = 5;
			productName = 5;
			productReference = DCAA33B81FD725A00075C768 /* 5 */;
			productType = "com.apple.product-type.tool";
		};
		DCB27F2A1FD3BC5C006626D2 /* 3 */ = {
			isa = PBXNativeTarget;
			buildConfigurationList = DCB27F311FD3BC5C006626D2 /* Build configuration list for PBXNativeTarget "3" */;
			buildPhases = (
				DCB27F271FD3BC5C006626D2 /* Sources */,
				DCB27F281FD3BC5C006626D2 /* Frameworks */,
				DCB27F291FD3BC5C006626D2 /* CopyFiles */,
			);
			buildRules = (
			);
			dependencies = (
			);
			name = 3;
			productName = 3;
			productReference = DCB27F2B1FD3BC5C006626D2 /* 3 */;
			productType = "com.apple.product-type.tool";
		};
		DCEA84C51FE98E3F00271C4C /* 19 */ = {
			isa = PBXNativeTarget;
			buildConfigurationList = DCEA84CC1FE98E3F00271C4C /* Build configuration list for PBXNativeTarget "19" */;
			buildPhases = (
				DCEA84C21FE98E3F00271C4C /* Sources */,
				DCEA84C31FE98E3F00271C4C /* Frameworks */,
				DCEA84C41FE98E3F00271C4C /* CopyFiles */,
			);
			buildRules = (
			);
			dependencies = (
			);
			name = 19;
			productName = 19;
			productReference = DCEA84C61FE98E3F00271C4C /* 19 */;
			productType = "com.apple.product-type.tool";
		};
		DCF8D6C01FEC8BCA00152A67 /* 21 */ = {
			isa = PBXNativeTarget;
			buildConfigurationList = DCF8D6C71FEC8BCA00152A67 /* Build configuration list for PBXNativeTarget "21" */;
			buildPhases = (
				DCF8D6BD1FEC8BCA00152A67 /* Sources */,
				DCF8D6BE1FEC8BCA00152A67 /* Frameworks */,
				DCF8D6BF1FEC8BCA00152A67 /* CopyFiles */,
			);
			buildRules = (
			);
			dependencies = (
			);
			name = 21;
			productName = 21;
			productReference = DCF8D6C11FEC8BCA00152A67 /* 21 */;
			productType = "com.apple.product-type.tool";
		};
		DCF8D6CD1FED82DA00152A67 /* 22 */ = {
			isa = PBXNativeTarget;
			buildConfigurationList = DCF8D6D21FED82DA00152A67 /* Build configuration list for PBXNativeTarget "22" */;
			buildPhases = (
				DCF8D6CA1FED82DA00152A67 /* Sources */,
				DCF8D6CB1FED82DA00152A67 /* Frameworks */,
				DCF8D6CC1FED82DA00152A67 /* CopyFiles */,
			);
			buildRules = (
			);
			dependencies = (
			);
			name = 22;
			productName = 22;
			productReference = DCF8D6CE1FED82DA00152A67 /* 22 */;
			productType = "com.apple.product-type.tool";
		};
/* End PBXNativeTarget section */

/* Begin PBXProject section */
		DCA446221FD108D0009A3B22 /* Project object */ = {
			isa = PBXProject;
			attributes = {
				LastSwiftUpdateCheck = 0920;
				LastUpgradeCheck = 0910;
				ORGANIZATIONNAME = Livelys;
				TargetAttributes = {
					DC03EA861FE05CA100430393 = {
						CreatedOnToolsVersion = 9.2;
						ProvisioningStyle = Automatic;
					};
					DC0966081FEEAEEC007C40F8 = {
						CreatedOnToolsVersion = 9.2;
						ProvisioningStyle = Automatic;
					};
					DC12F5AD1FD7A43100A3839F = {
						CreatedOnToolsVersion = 9.2;
						ProvisioningStyle = Automatic;
					};
					DC203E3D1FE4665200AA674D = {
						CreatedOnToolsVersion = 9.2;
						ProvisioningStyle = Automatic;
					};
					DC203E4A1FE5711100AA674D = {
						CreatedOnToolsVersion = 9.2;
						ProvisioningStyle = Automatic;
					};
					DC203E571FE6F3AE00AA674D = {
						CreatedOnToolsVersion = 9.2;
						ProvisioningStyle = Automatic;
					};
					DC2FDA031FDA0A740021AA29 = {
						CreatedOnToolsVersion = 9.2;
						ProvisioningStyle = Automatic;
					};
					DC30664E1FEACD5D004C7181 = {
						CreatedOnToolsVersion = 9.2;
						ProvisioningStyle = Automatic;
					};
					DC4B58681FF02AF800E9F0B1 = {
						CreatedOnToolsVersion = 9.2;
						ProvisioningStyle = Automatic;
					};
					DC4B58751FF05C9200E9F0B1 = {
						CreatedOnToolsVersion = 9.2;
						ProvisioningStyle = Automatic;
					};
					DC4F535F1FE80D17009DAF71 = {
						CreatedOnToolsVersion = 9.2;
						ProvisioningStyle = Automatic;
					};
					DC6041C31FDAEA08000985E9 = {
						CreatedOnToolsVersion = 9.2;
						ProvisioningStyle = Automatic;
					};
					DC6E81271FE1C08600137600 = {
						CreatedOnToolsVersion = 9.2;
						ProvisioningStyle = Automatic;
					};
					DC7E9A1D1FDBA2A40080CB7E = {
						CreatedOnToolsVersion = 9.2;
						ProvisioningStyle = Automatic;
					};
					DC7E9A2A1FDDC0FD0080CB7E = {
						CreatedOnToolsVersion = 9.2;
						ProvisioningStyle = Automatic;
					};
					DC834F201FE32B7300952537 = {
						CreatedOnToolsVersion = 9.2;
						ProvisioningStyle = Automatic;
					};
					DCA446291FD108D0009A3B22 = {
						CreatedOnToolsVersion = 9.1;
						LastSwiftMigration = 0920;
						ProvisioningStyle = Automatic;
					};
					DCA446371FD109B3009A3B22 = {
						CreatedOnToolsVersion = 9.1;
						ProvisioningStyle = Automatic;
					};
					DCA70FF41FD4977400BF0EFD = {
						CreatedOnToolsVersion = 9.1;
						ProvisioningStyle = Automatic;
					};
					DCA869361FDEC3390090846F = {
						CreatedOnToolsVersion = 9.2;
						ProvisioningStyle = Automatic;
					};
					DCAA33B71FD725A00075C768 = {
						CreatedOnToolsVersion = 9.2;
						ProvisioningStyle = Automatic;
					};
					DCB27F2A1FD3BC5C006626D2 = {
						CreatedOnToolsVersion = 9.1;
						ProvisioningStyle = Automatic;
					};
					DCEA84C51FE98E3F00271C4C = {
						CreatedOnToolsVersion = 9.2;
						ProvisioningStyle = Automatic;
					};
					DCF8D6C01FEC8BCA00152A67 = {
						CreatedOnToolsVersion = 9.2;
						ProvisioningStyle = Automatic;
					};
					DCF8D6CD1FED82DA00152A67 = {
						CreatedOnToolsVersion = 9.2;
						ProvisioningStyle = Automatic;
					};
				};
			};
			buildConfigurationList = DCA446251FD108D0009A3B22 /* Build configuration list for PBXProject "Advent2017" */;
			compatibilityVersion = "Xcode 8.0";
			developmentRegion = en;
			hasScannedForEncodings = 0;
			knownRegions = (
				en,
			);
			mainGroup = DCA446211FD108D0009A3B22;
			productRefGroup = DCA4462B1FD108D0009A3B22 /* Products */;
			projectDirPath = "";
			projectRoot = "";
			targets = (
				DCA446291FD108D0009A3B22 /* 1 */,
				DCA446371FD109B3009A3B22 /* 2 */,
				DCB27F2A1FD3BC5C006626D2 /* 3 */,
				DCA70FF41FD4977400BF0EFD /* 4 */,
				DCAA33B71FD725A00075C768 /* 5 */,
				DC12F5AD1FD7A43100A3839F /* 6 */,
				DC2FDA031FDA0A740021AA29 /* 7 */,
				DC6041C31FDAEA08000985E9 /* 8 */,
				DC7E9A1D1FDBA2A40080CB7E /* 9 */,
				DC7E9A2A1FDDC0FD0080CB7E /* 10 */,
				DCA869361FDEC3390090846F /* 11 */,
				DC03EA861FE05CA100430393 /* 12 */,
				DC6E81271FE1C08600137600 /* 13 */,
				DC834F201FE32B7300952537 /* 14 */,
				DC203E3D1FE4665200AA674D /* 15 */,
				DC203E4A1FE5711100AA674D /* 16 */,
				DC203E571FE6F3AE00AA674D /* 17 */,
				DC4F535F1FE80D17009DAF71 /* 18 */,
				DCEA84C51FE98E3F00271C4C /* 19 */,
				DC30664E1FEACD5D004C7181 /* 20 */,
				DCF8D6C01FEC8BCA00152A67 /* 21 */,
				DCF8D6CD1FED82DA00152A67 /* 22 */,
				DC0966081FEEAEEC007C40F8 /* 23 */,
				DC4B58681FF02AF800E9F0B1 /* 24 */,
				DC4B58751FF05C9200E9F0B1 /* 25 */,
			);
		};
/* End PBXProject section */

/* Begin PBXSourcesBuildPhase section */
		DC03EA831FE05CA100430393 /* Sources */ = {
			isa = PBXSourcesBuildPhase;
			buildActionMask = 2147483647;
			files = (
				DC03EA8F1FE05CC900430393 /* 12.swift in Sources */,
				DC03EA8A1FE05CA100430393 /* main.swift in Sources */,
			);
			runOnlyForDeploymentPostprocessing = 0;
		};
		DC0966051FEEAEEC007C40F8 /* Sources */ = {
			isa = PBXSourcesBuildPhase;
			buildActionMask = 2147483647;
			files = (
				DC0966111FEEAF3A007C40F8 /* 23.swift in Sources */,
				DC09660C1FEEAEEC007C40F8 /* main.swift in Sources */,
			);
			runOnlyForDeploymentPostprocessing = 0;
		};
		DC12F5AA1FD7A43100A3839F /* Sources */ = {
			isa = PBXSourcesBuildPhase;
			buildActionMask = 2147483647;
			files = (
				DC12F5B11FD7A43100A3839F /* main.swift in Sources */,
				DC5989421FD7A4C60093DD2B /* Useful.swift in Sources */,
			);
			runOnlyForDeploymentPostprocessing = 0;
		};
		DC203E3A1FE4665200AA674D /* Sources */ = {
			isa = PBXSourcesBuildPhase;
			buildActionMask = 2147483647;
			files = (
				DC203E411FE4665200AA674D /* main.swift in Sources */,
			);
			runOnlyForDeploymentPostprocessing = 0;
		};
		DC203E471FE5711100AA674D /* Sources */ = {
			isa = PBXSourcesBuildPhase;
			buildActionMask = 2147483647;
			files = (
				DC203E531FE571C500AA674D /* 16.swift in Sources */,
				DC203E4E1FE5711200AA674D /* main.swift in Sources */,
			);
			runOnlyForDeploymentPostprocessing = 0;
		};
		DC203E541FE6F3AE00AA674D /* Sources */ = {
			isa = PBXSourcesBuildPhase;
			buildActionMask = 2147483647;
			files = (
				DC203E5B1FE6F3AE00AA674D /* main.swift in Sources */,
			);
			runOnlyForDeploymentPostprocessing = 0;
		};
		DC2FDA001FDA0A740021AA29 /* Sources */ = {
			isa = PBXSourcesBuildPhase;
			buildActionMask = 2147483647;
			files = (
				DC2FDA071FDA0A740021AA29 /* main.swift in Sources */,
				DC2FDA0C1FDA0AC80021AA29 /* 7.swift in Sources */,
				DCF6EF4B1FDA14F5004D55F3 /* Useful.swift in Sources */,
			);
			runOnlyForDeploymentPostprocessing = 0;
		};
		DC30664B1FEACD5D004C7181 /* Sources */ = {
			isa = PBXSourcesBuildPhase;
			buildActionMask = 2147483647;
			files = (
				DC3066521FEACD5D004C7181 /* main.swift in Sources */,
				DC3066571FEACD82004C7181 /* 20.swift in Sources */,
			);
			runOnlyForDeploymentPostprocessing = 0;
		};
		DC4B58651FF02AF800E9F0B1 /* Sources */ = {
			isa = PBXSourcesBuildPhase;
			buildActionMask = 2147483647;
			files = (
				DC4B586C1FF02AF800E9F0B1 /* main.swift in Sources */,
				DC4B58711FF02B6E00E9F0B1 /* 24.swift in Sources */,
			);
			runOnlyForDeploymentPostprocessing = 0;
		};
		DC4B58721FF05C9200E9F0B1 /* Sources */ = {
			isa = PBXSourcesBuildPhase;
			buildActionMask = 2147483647;
			files = (
				DC4B58791FF05C9200E9F0B1 /* main.swift in Sources */,
			);
			runOnlyForDeploymentPostprocessing = 0;
		};
		DC4F535C1FE80D17009DAF71 /* Sources */ = {
			isa = PBXSourcesBuildPhase;
			buildActionMask = 2147483647;
			files = (
				DC4F53681FE80D9C009DAF71 /* 18.swift in Sources */,
				DC4F53631FE80D17009DAF71 /* main.swift in Sources */,
			);
			runOnlyForDeploymentPostprocessing = 0;
		};
		DC6041C01FDAEA08000985E9 /* Sources */ = {
			isa = PBXSourcesBuildPhase;
			buildActionMask = 2147483647;
			files = (
				DCBF20A61FDB73FC00693C33 /* 8.swift in Sources */,
				DC6041C71FDAEA08000985E9 /* main.swift in Sources */,
			);
			runOnlyForDeploymentPostprocessing = 0;
		};
		DC6E81241FE1C08600137600 /* Sources */ = {
			isa = PBXSourcesBuildPhase;
			buildActionMask = 2147483647;
			files = (
				DC6E812B1FE1C08600137600 /* main.swift in Sources */,
				DC6E81301FE1C09200137600 /* 13.swift in Sources */,
			);
			runOnlyForDeploymentPostprocessing = 0;
		};
		DC7E9A1A1FDBA2A40080CB7E /* Sources */ = {
			isa = PBXSourcesBuildPhase;
			buildActionMask = 2147483647;
			files = (
				DC7E9A211FDBA2A40080CB7E /* main.swift in Sources */,
				DC7E9A261FDBA5970080CB7E /* 9.swift in Sources */,
			);
			runOnlyForDeploymentPostprocessing = 0;
		};
		DC7E9A271FDDC0FD0080CB7E /* Sources */ = {
			isa = PBXSourcesBuildPhase;
			buildActionMask = 2147483647;
			files = (
				DC7E9A341FDDD41B0080CB7E /* 10.swift in Sources */,
				DC7E9A2E1FDDC0FD0080CB7E /* main.swift in Sources */,
			);
			runOnlyForDeploymentPostprocessing = 0;
		};
		DC834F1D1FE32B7300952537 /* Sources */ = {
			isa = PBXSourcesBuildPhase;
			buildActionMask = 2147483647;
			files = (
				DC834F241FE32B7300952537 /* main.swift in Sources */,
				DCCE3DCE1FE362D00026490C /* Useful.swift in Sources */,
			);
			runOnlyForDeploymentPostprocessing = 0;
		};
		DCA446261FD108D0009A3B22 /* Sources */ = {
			isa = PBXSourcesBuildPhase;
			buildActionMask = 2147483647;
			files = (
				DCA4462E1FD108D0009A3B22 /* main.swift in Sources */,
				DCB648A71FD1D46A00CC25EC /* Useful.swift in Sources */,
			);
			runOnlyForDeploymentPostprocessing = 0;
		};
		DCA446341FD109B3009A3B22 /* Sources */ = {
			isa = PBXSourcesBuildPhase;
			buildActionMask = 2147483647;
			files = (
				DCA4463B1FD109B3009A3B22 /* main.swift in Sources */,
			);
			runOnlyForDeploymentPostprocessing = 0;
		};
		DCA70FF11FD4977400BF0EFD /* Sources */ = {
			isa = PBXSourcesBuildPhase;
			buildActionMask = 2147483647;
			files = (
				DCC2655B1FD6118B00533C63 /* 4.swift in Sources */,
				DCA70FF81FD4977400BF0EFD /* main.swift in Sources */,
			);
			runOnlyForDeploymentPostprocessing = 0;
		};
		DCA869331FDEC3390090846F /* Sources */ = {
			isa = PBXSourcesBuildPhase;
			buildActionMask = 2147483647;
			files = (
				DCA8693A1FDEC3390090846F /* main.swift in Sources */,
				DCA869401FDECC9E0090846F /* 11.swift in Sources */,
			);
			runOnlyForDeploymentPostprocessing = 0;
		};
		DCAA33B41FD725A00075C768 /* Sources */ = {
			isa = PBXSourcesBuildPhase;
			buildActionMask = 2147483647;
			files = (
				DCAA33BB1FD725A10075C768 /* main.swift in Sources */,
				DCAA33C01FD727330075C768 /* 5.swift in Sources */,
			);
			runOnlyForDeploymentPostprocessing = 0;
		};
		DCB27F271FD3BC5C006626D2 /* Sources */ = {
			isa = PBXSourcesBuildPhase;
			buildActionMask = 2147483647;
			files = (
				DCB27F2E1FD3BC5C006626D2 /* main.swift in Sources */,
				DCB27F331FD3BC6C006626D2 /* Useful.swift in Sources */,
			);
			runOnlyForDeploymentPostprocessing = 0;
		};
		DCEA84C21FE98E3F00271C4C /* Sources */ = {
			isa = PBXSourcesBuildPhase;
			buildActionMask = 2147483647;
			files = (
				DCEA84C91FE98E3F00271C4C /* main.swift in Sources */,
				DCEA84CE1FE98E4D00271C4C /* 19.swift in Sources */,
				DCEA84D01FE9AB9200271C4C /* test19.swift in Sources */,
			);
			runOnlyForDeploymentPostprocessing = 0;
		};
		DCF8D6BD1FEC8BCA00152A67 /* Sources */ = {
			isa = PBXSourcesBuildPhase;
			buildActionMask = 2147483647;
			files = (
				DCF8D6C91FEC8EAB00152A67 /* 21.swift in Sources */,
				DCF8D6C41FEC8BCA00152A67 /* main.swift in Sources */,
			);
			runOnlyForDeploymentPostprocessing = 0;
		};
		DCF8D6CA1FED82DA00152A67 /* Sources */ = {
			isa = PBXSourcesBuildPhase;
			buildActionMask = 2147483647;
			files = (
				DCF8D6D11FED82DA00152A67 /* main.swift in Sources */,
				DCF8D6D61FED833000152A67 /* 22.swift in Sources */,
			);
			runOnlyForDeploymentPostprocessing = 0;
		};
/* End PBXSourcesBuildPhase section */

/* Begin XCBuildConfiguration section */
		DC03EA8B1FE05CA100430393 /* Debug */ = {
			isa = XCBuildConfiguration;
			buildSettings = {
				CODE_SIGN_STYLE = Automatic;
				PRODUCT_NAME = "$(TARGET_NAME)";
				SWIFT_VERSION = 4.0;
			};
			name = Debug;
		};
		DC03EA8C1FE05CA100430393 /* Release */ = {
			isa = XCBuildConfiguration;
			buildSettings = {
				CODE_SIGN_STYLE = Automatic;
				PRODUCT_NAME = "$(TARGET_NAME)";
				SWIFT_VERSION = 4.0;
			};
			name = Release;
		};
		DC09660D1FEEAEEC007C40F8 /* Debug */ = {
			isa = XCBuildConfiguration;
			buildSettings = {
				CODE_SIGN_STYLE = Automatic;
				PRODUCT_NAME = "$(TARGET_NAME)";
				SWIFT_VERSION = 4.0;
			};
			name = Debug;
		};
		DC09660E1FEEAEEC007C40F8 /* Release */ = {
			isa = XCBuildConfiguration;
			buildSettings = {
				CODE_SIGN_STYLE = Automatic;
				PRODUCT_NAME = "$(TARGET_NAME)";
				SWIFT_VERSION = 4.0;
			};
			name = Release;
		};
		DC12F5B21FD7A43100A3839F /* Debug */ = {
			isa = XCBuildConfiguration;
			buildSettings = {
				CODE_SIGN_STYLE = Automatic;
				PRODUCT_NAME = "$(TARGET_NAME)";
				SWIFT_OBJC_BRIDGING_HEADER = "${PROJECT_DIR}/1-Bridging-Header.h";
				SWIFT_VERSION = 4.0;
			};
			name = Debug;
		};
		DC12F5B31FD7A43100A3839F /* Release */ = {
			isa = XCBuildConfiguration;
			buildSettings = {
				CODE_SIGN_STYLE = Automatic;
				PRODUCT_NAME = "$(TARGET_NAME)";
				SWIFT_OBJC_BRIDGING_HEADER = "${PROJECT_DIR}/1-Bridging-Header.h";
				SWIFT_VERSION = 4.0;
			};
			name = Release;
		};
		DC203E421FE4665200AA674D /* Debug */ = {
			isa = XCBuildConfiguration;
			buildSettings = {
				CODE_SIGN_STYLE = Automatic;
				PRODUCT_NAME = "$(TARGET_NAME)";
				SWIFT_VERSION = 4.0;
			};
			name = Debug;
		};
		DC203E431FE4665200AA674D /* Release */ = {
			isa = XCBuildConfiguration;
			buildSettings = {
				CODE_SIGN_STYLE = Automatic;
				PRODUCT_NAME = "$(TARGET_NAME)";
				SWIFT_VERSION = 4.0;
			};
			name = Release;
		};
		DC203E4F1FE5711200AA674D /* Debug */ = {
			isa = XCBuildConfiguration;
			buildSettings = {
				CODE_SIGN_STYLE = Automatic;
				PRODUCT_NAME = "$(TARGET_NAME)";
				SWIFT_VERSION = 4.0;
			};
			name = Debug;
		};
		DC203E501FE5711200AA674D /* Release */ = {
			isa = XCBuildConfiguration;
			buildSettings = {
				CODE_SIGN_STYLE = Automatic;
				PRODUCT_NAME = "$(TARGET_NAME)";
				SWIFT_VERSION = 4.0;
			};
			name = Release;
		};
		DC203E5C1FE6F3AE00AA674D /* Debug */ = {
			isa = XCBuildConfiguration;
			buildSettings = {
				CODE_SIGN_STYLE = Automatic;
				PRODUCT_NAME = "$(TARGET_NAME)";
				SWIFT_VERSION = 4.0;
			};
			name = Debug;
		};
		DC203E5D1FE6F3AE00AA674D /* Release */ = {
			isa = XCBuildConfiguration;
			buildSettings = {
				CODE_SIGN_STYLE = Automatic;
				PRODUCT_NAME = "$(TARGET_NAME)";
				SWIFT_VERSION = 4.0;
			};
			name = Release;
		};
		DC2FDA081FDA0A740021AA29 /* Debug */ = {
			isa = XCBuildConfiguration;
			buildSettings = {
				CODE_SIGN_STYLE = Automatic;
				PRODUCT_NAME = "$(TARGET_NAME)";
				SWIFT_VERSION = 4.0;
			};
			name = Debug;
		};
		DC2FDA091FDA0A740021AA29 /* Release */ = {
			isa = XCBuildConfiguration;
			buildSettings = {
				CODE_SIGN_STYLE = Automatic;
				PRODUCT_NAME = "$(TARGET_NAME)";
				SWIFT_VERSION = 4.0;
			};
			name = Release;
		};
		DC3066531FEACD5D004C7181 /* Debug */ = {
			isa = XCBuildConfiguration;
			buildSettings = {
				CODE_SIGN_STYLE = Automatic;
				PRODUCT_NAME = "$(TARGET_NAME)";
				SWIFT_VERSION = 4.0;
			};
			name = Debug;
		};
		DC3066541FEACD5D004C7181 /* Release */ = {
			isa = XCBuildConfiguration;
			buildSettings = {
				CODE_SIGN_STYLE = Automatic;
				PRODUCT_NAME = "$(TARGET_NAME)";
				SWIFT_VERSION = 4.0;
			};
			name = Release;
		};
		DC4B586D1FF02AF800E9F0B1 /* Debug */ = {
			isa = XCBuildConfiguration;
			buildSettings = {
				CODE_SIGN_STYLE = Automatic;
				PRODUCT_NAME = "$(TARGET_NAME)";
				SWIFT_VERSION = 4.0;
			};
			name = Debug;
		};
		DC4B586E1FF02AF800E9F0B1 /* Release */ = {
			isa = XCBuildConfiguration;
			buildSettings = {
				CODE_SIGN_STYLE = Automatic;
				PRODUCT_NAME = "$(TARGET_NAME)";
				SWIFT_VERSION = 4.0;
			};
			name = Release;
		};
		DC4B587B1FF05C9200E9F0B1 /* Debug */ = {
			isa = XCBuildConfiguration;
			buildSettings = {
				CODE_SIGN_STYLE = Automatic;
				PRODUCT_NAME = "$(TARGET_NAME)";
				SWIFT_VERSION = 4.0;
			};
			name = Debug;
		};
		DC4B587C1FF05C9200E9F0B1 /* Release */ = {
			isa = XCBuildConfiguration;
			buildSettings = {
				CODE_SIGN_STYLE = Automatic;
				PRODUCT_NAME = "$(TARGET_NAME)";
				SWIFT_VERSION = 4.0;
			};
			name = Release;
		};
		DC4F53641FE80D17009DAF71 /* Debug */ = {
			isa = XCBuildConfiguration;
			buildSettings = {
				CODE_SIGN_STYLE = Automatic;
				PRODUCT_NAME = "$(TARGET_NAME)";
				SWIFT_VERSION = 4.0;
			};
			name = Debug;
		};
		DC4F53651FE80D17009DAF71 /* Release */ = {
			isa = XCBuildConfiguration;
			buildSettings = {
				CODE_SIGN_STYLE = Automatic;
				PRODUCT_NAME = "$(TARGET_NAME)";
				SWIFT_VERSION = 4.0;
			};
			name = Release;
		};
		DC6041C81FDAEA08000985E9 /* Debug */ = {
			isa = XCBuildConfiguration;
			buildSettings = {
				CODE_SIGN_STYLE = Automatic;
				PRODUCT_NAME = "$(TARGET_NAME)";
				SWIFT_VERSION = 4.0;
			};
			name = Debug;
		};
		DC6041C91FDAEA08000985E9 /* Release */ = {
			isa = XCBuildConfiguration;
			buildSettings = {
				CODE_SIGN_STYLE = Automatic;
				PRODUCT_NAME = "$(TARGET_NAME)";
				SWIFT_VERSION = 4.0;
			};
			name = Release;
		};
		DC6E812C1FE1C08600137600 /* Debug */ = {
			isa = XCBuildConfiguration;
			buildSettings = {
				CODE_SIGN_STYLE = Automatic;
				PRODUCT_NAME = "$(TARGET_NAME)";
				SWIFT_VERSION = 4.0;
			};
			name = Debug;
		};
		DC6E812D1FE1C08600137600 /* Release */ = {
			isa = XCBuildConfiguration;
			buildSettings = {
				CODE_SIGN_STYLE = Automatic;
				PRODUCT_NAME = "$(TARGET_NAME)";
				SWIFT_VERSION = 4.0;
			};
			name = Release;
		};
		DC7E9A221FDBA2A40080CB7E /* Debug */ = {
			isa = XCBuildConfiguration;
			buildSettings = {
				CODE_SIGN_STYLE = Automatic;
				PRODUCT_NAME = "$(TARGET_NAME)";
				SWIFT_VERSION = 4.0;
			};
			name = Debug;
		};
		DC7E9A231FDBA2A40080CB7E /* Release */ = {
			isa = XCBuildConfiguration;
			buildSettings = {
				CODE_SIGN_STYLE = Automatic;
				PRODUCT_NAME = "$(TARGET_NAME)";
				SWIFT_VERSION = 4.0;
			};
			name = Release;
		};
		DC7E9A2F1FDDC0FD0080CB7E /* Debug */ = {
			isa = XCBuildConfiguration;
			buildSettings = {
				CODE_SIGN_STYLE = Automatic;
				PRODUCT_NAME = "$(TARGET_NAME)";
				SWIFT_VERSION = 4.0;
			};
			name = Debug;
		};
		DC7E9A301FDDC0FD0080CB7E /* Release */ = {
			isa = XCBuildConfiguration;
			buildSettings = {
				CODE_SIGN_STYLE = Automatic;
				PRODUCT_NAME = "$(TARGET_NAME)";
				SWIFT_VERSION = 4.0;
			};
			name = Release;
		};
		DC834F251FE32B7300952537 /* Debug */ = {
			isa = XCBuildConfiguration;
			buildSettings = {
				CODE_SIGN_STYLE = Automatic;
				PRODUCT_NAME = "$(TARGET_NAME)";
				SWIFT_VERSION = 4.0;
			};
			name = Debug;
		};
		DC834F261FE32B7300952537 /* Release */ = {
			isa = XCBuildConfiguration;
			buildSettings = {
				CODE_SIGN_STYLE = Automatic;
				PRODUCT_NAME = "$(TARGET_NAME)";
				SWIFT_VERSION = 4.0;
			};
			name = Release;
		};
		DCA4462F1FD108D0009A3B22 /* Debug */ = {
			isa = XCBuildConfiguration;
			buildSettings = {
				ALWAYS_SEARCH_USER_PATHS = NO;
				CLANG_ANALYZER_NONNULL = YES;
				CLANG_ANALYZER_NUMBER_OBJECT_CONVERSION = YES_AGGRESSIVE;
				CLANG_CXX_LANGUAGE_STANDARD = "gnu++14";
				CLANG_CXX_LIBRARY = "libc++";
				CLANG_ENABLE_MODULES = YES;
				CLANG_ENABLE_OBJC_ARC = YES;
				CLANG_WARN_BLOCK_CAPTURE_AUTORELEASING = YES;
				CLANG_WARN_BOOL_CONVERSION = YES;
				CLANG_WARN_COMMA = YES;
				CLANG_WARN_CONSTANT_CONVERSION = YES;
				CLANG_WARN_DIRECT_OBJC_ISA_USAGE = YES_ERROR;
				CLANG_WARN_DOCUMENTATION_COMMENTS = YES;
				CLANG_WARN_EMPTY_BODY = YES;
				CLANG_WARN_ENUM_CONVERSION = YES;
				CLANG_WARN_INFINITE_RECURSION = YES;
				CLANG_WARN_INT_CONVERSION = YES;
				CLANG_WARN_NON_LITERAL_NULL_CONVERSION = YES;
				CLANG_WARN_OBJC_LITERAL_CONVERSION = YES;
				CLANG_WARN_OBJC_ROOT_CLASS = YES_ERROR;
				CLANG_WARN_RANGE_LOOP_ANALYSIS = YES;
				CLANG_WARN_STRICT_PROTOTYPES = YES;
				CLANG_WARN_SUSPICIOUS_MOVE = YES;
				CLANG_WARN_UNGUARDED_AVAILABILITY = YES_AGGRESSIVE;
				CLANG_WARN_UNREACHABLE_CODE = YES;
				CLANG_WARN__DUPLICATE_METHOD_MATCH = YES;
				CODE_SIGN_IDENTITY = "-";
				COPY_PHASE_STRIP = NO;
				DEBUG_INFORMATION_FORMAT = dwarf;
				ENABLE_STRICT_OBJC_MSGSEND = YES;
				ENABLE_TESTABILITY = YES;
				GCC_C_LANGUAGE_STANDARD = gnu11;
				GCC_DYNAMIC_NO_PIC = NO;
				GCC_NO_COMMON_BLOCKS = YES;
				GCC_OPTIMIZATION_LEVEL = 0;
				GCC_PREPROCESSOR_DEFINITIONS = (
					"DEBUG=1",
					"$(inherited)",
				);
				GCC_WARN_64_TO_32_BIT_CONVERSION = YES;
				GCC_WARN_ABOUT_RETURN_TYPE = YES_ERROR;
				GCC_WARN_UNDECLARED_SELECTOR = YES;
				GCC_WARN_UNINITIALIZED_AUTOS = YES_AGGRESSIVE;
				GCC_WARN_UNUSED_FUNCTION = YES;
				GCC_WARN_UNUSED_VARIABLE = YES;
				MACOSX_DEPLOYMENT_TARGET = 10.13;
				MTL_ENABLE_DEBUG_INFO = YES;
				ONLY_ACTIVE_ARCH = YES;
				SDKROOT = macosx;
				SWIFT_ACTIVE_COMPILATION_CONDITIONS = DEBUG;
				SWIFT_OBJC_BRIDGING_HEADER = "1-Bridging-Header.h";
				SWIFT_OPTIMIZATION_LEVEL = "-Onone";
			};
			name = Debug;
		};
		DCA446301FD108D0009A3B22 /* Release */ = {
			isa = XCBuildConfiguration;
			buildSettings = {
				ALWAYS_SEARCH_USER_PATHS = NO;
				CLANG_ANALYZER_NONNULL = YES;
				CLANG_ANALYZER_NUMBER_OBJECT_CONVERSION = YES_AGGRESSIVE;
				CLANG_CXX_LANGUAGE_STANDARD = "gnu++14";
				CLANG_CXX_LIBRARY = "libc++";
				CLANG_ENABLE_MODULES = YES;
				CLANG_ENABLE_OBJC_ARC = YES;
				CLANG_WARN_BLOCK_CAPTURE_AUTORELEASING = YES;
				CLANG_WARN_BOOL_CONVERSION = YES;
				CLANG_WARN_COMMA = YES;
				CLANG_WARN_CONSTANT_CONVERSION = YES;
				CLANG_WARN_DIRECT_OBJC_ISA_USAGE = YES_ERROR;
				CLANG_WARN_DOCUMENTATION_COMMENTS = YES;
				CLANG_WARN_EMPTY_BODY = YES;
				CLANG_WARN_ENUM_CONVERSION = YES;
				CLANG_WARN_INFINITE_RECURSION = YES;
				CLANG_WARN_INT_CONVERSION = YES;
				CLANG_WARN_NON_LITERAL_NULL_CONVERSION = YES;
				CLANG_WARN_OBJC_LITERAL_CONVERSION = YES;
				CLANG_WARN_OBJC_ROOT_CLASS = YES_ERROR;
				CLANG_WARN_RANGE_LOOP_ANALYSIS = YES;
				CLANG_WARN_STRICT_PROTOTYPES = YES;
				CLANG_WARN_SUSPICIOUS_MOVE = YES;
				CLANG_WARN_UNGUARDED_AVAILABILITY = YES_AGGRESSIVE;
				CLANG_WARN_UNREACHABLE_CODE = YES;
				CLANG_WARN__DUPLICATE_METHOD_MATCH = YES;
				CODE_SIGN_IDENTITY = "-";
				COPY_PHASE_STRIP = NO;
				DEBUG_INFORMATION_FORMAT = "dwarf-with-dsym";
				ENABLE_NS_ASSERTIONS = NO;
				ENABLE_STRICT_OBJC_MSGSEND = YES;
				GCC_C_LANGUAGE_STANDARD = gnu11;
				GCC_NO_COMMON_BLOCKS = YES;
				GCC_WARN_64_TO_32_BIT_CONVERSION = YES;
				GCC_WARN_ABOUT_RETURN_TYPE = YES_ERROR;
				GCC_WARN_UNDECLARED_SELECTOR = YES;
				GCC_WARN_UNINITIALIZED_AUTOS = YES_AGGRESSIVE;
				GCC_WARN_UNUSED_FUNCTION = YES;
				GCC_WARN_UNUSED_VARIABLE = YES;
				MACOSX_DEPLOYMENT_TARGET = 10.13;
				MTL_ENABLE_DEBUG_INFO = NO;
				SDKROOT = macosx;
				SWIFT_OBJC_BRIDGING_HEADER = "1-Bridging-Header.h";
				SWIFT_OPTIMIZATION_LEVEL = "-Owholemodule";
			};
			name = Release;
		};
		DCA446321FD108D0009A3B22 /* Debug */ = {
			isa = XCBuildConfiguration;
			buildSettings = {
				CLANG_ENABLE_MODULES = YES;
				CODE_SIGN_STYLE = Automatic;
				LD_RUNPATH_SEARCH_PATHS = "$(inherited) @executable_path/../Frameworks @loader_path/../Frameworks";
				PRODUCT_NAME = "$(TARGET_NAME)";
				SWIFT_OBJC_BRIDGING_HEADER = "1-Bridging-Header.h";
				SWIFT_OPTIMIZATION_LEVEL = "-Onone";
				SWIFT_VERSION = 4.0;
			};
			name = Debug;
		};
		DCA446331FD108D0009A3B22 /* Release */ = {
			isa = XCBuildConfiguration;
			buildSettings = {
				CLANG_ENABLE_MODULES = YES;
				CODE_SIGN_STYLE = Automatic;
				LD_RUNPATH_SEARCH_PATHS = "$(inherited) @executable_path/../Frameworks @loader_path/../Frameworks";
				PRODUCT_NAME = "$(TARGET_NAME)";
				SWIFT_OBJC_BRIDGING_HEADER = "1-Bridging-Header.h";
				SWIFT_VERSION = 4.0;
			};
			name = Release;
		};
		DCA4463D1FD109B3009A3B22 /* Debug */ = {
			isa = XCBuildConfiguration;
			buildSettings = {
				CODE_SIGN_STYLE = Automatic;
				PRODUCT_NAME = "$(TARGET_NAME)";
				SWIFT_VERSION = 4.0;
			};
			name = Debug;
		};
		DCA4463E1FD109B3009A3B22 /* Release */ = {
			isa = XCBuildConfiguration;
			buildSettings = {
				CODE_SIGN_STYLE = Automatic;
				PRODUCT_NAME = "$(TARGET_NAME)";
				SWIFT_VERSION = 4.0;
			};
			name = Release;
		};
		DCA70FF91FD4977400BF0EFD /* Debug */ = {
			isa = XCBuildConfiguration;
			buildSettings = {
				CODE_SIGN_STYLE = Automatic;
				PRODUCT_NAME = "$(TARGET_NAME)";
				SWIFT_VERSION = 4.0;
			};
			name = Debug;
		};
		DCA70FFA1FD4977400BF0EFD /* Release */ = {
			isa = XCBuildConfiguration;
			buildSettings = {
				CODE_SIGN_STYLE = Automatic;
				PRODUCT_NAME = "$(TARGET_NAME)";
				SWIFT_VERSION = 4.0;
			};
			name = Release;
		};
		DCA8693B1FDEC3390090846F /* Debug */ = {
			isa = XCBuildConfiguration;
			buildSettings = {
				CODE_SIGN_STYLE = Automatic;
				PRODUCT_NAME = "$(TARGET_NAME)";
				SWIFT_VERSION = 4.0;
			};
			name = Debug;
		};
		DCA8693C1FDEC3390090846F /* Release */ = {
			isa = XCBuildConfiguration;
			buildSettings = {
				CODE_SIGN_STYLE = Automatic;
				PRODUCT_NAME = "$(TARGET_NAME)";
				SWIFT_VERSION = 4.0;
			};
			name = Release;
		};
		DCAA33BC1FD725A10075C768 /* Debug */ = {
			isa = XCBuildConfiguration;
			buildSettings = {
				CODE_SIGN_STYLE = Automatic;
				PRODUCT_NAME = "$(TARGET_NAME)";
				SWIFT_VERSION = 4.0;
			};
			name = Debug;
		};
		DCAA33BD1FD725A10075C768 /* Release */ = {
			isa = XCBuildConfiguration;
			buildSettings = {
				CODE_SIGN_STYLE = Automatic;
				PRODUCT_NAME = "$(TARGET_NAME)";
				SWIFT_VERSION = 4.0;
			};
			name = Release;
		};
		DCB27F2F1FD3BC5C006626D2 /* Debug */ = {
			isa = XCBuildConfiguration;
			buildSettings = {
				CODE_SIGN_STYLE = Automatic;
				PRODUCT_NAME = "$(TARGET_NAME)";
				SWIFT_VERSION = 4.0;
			};
			name = Debug;
		};
		DCB27F301FD3BC5C006626D2 /* Release */ = {
			isa = XCBuildConfiguration;
			buildSettings = {
				CODE_SIGN_STYLE = Automatic;
				PRODUCT_NAME = "$(TARGET_NAME)";
				SWIFT_VERSION = 4.0;
			};
			name = Release;
		};
		DCEA84CA1FE98E3F00271C4C /* Debug */ = {
			isa = XCBuildConfiguration;
			buildSettings = {
				CODE_SIGN_STYLE = Automatic;
				PRODUCT_NAME = "$(TARGET_NAME)";
				SWIFT_VERSION = 4.0;
			};
			name = Debug;
		};
		DCEA84CB1FE98E3F00271C4C /* Release */ = {
			isa = XCBuildConfiguration;
			buildSettings = {
				CODE_SIGN_STYLE = Automatic;
				PRODUCT_NAME = "$(TARGET_NAME)";
				SWIFT_VERSION = 4.0;
			};
			name = Release;
		};
		DCF8D6C51FEC8BCA00152A67 /* Debug */ = {
			isa = XCBuildConfiguration;
			buildSettings = {
				CODE_SIGN_STYLE = Automatic;
				PRODUCT_NAME = "$(TARGET_NAME)";
				SWIFT_VERSION = 4.0;
			};
			name = Debug;
		};
		DCF8D6C61FEC8BCA00152A67 /* Release */ = {
			isa = XCBuildConfiguration;
			buildSettings = {
				CODE_SIGN_STYLE = Automatic;
				PRODUCT_NAME = "$(TARGET_NAME)";
				SWIFT_VERSION = 4.0;
			};
			name = Release;
		};
		DCF8D6D31FED82DA00152A67 /* Debug */ = {
			isa = XCBuildConfiguration;
			buildSettings = {
				CODE_SIGN_STYLE = Automatic;
				PRODUCT_NAME = "$(TARGET_NAME)";
				SWIFT_VERSION = 4.0;
			};
			name = Debug;
		};
		DCF8D6D41FED82DA00152A67 /* Release */ = {
			isa = XCBuildConfiguration;
			buildSettings = {
				CODE_SIGN_STYLE = Automatic;
				PRODUCT_NAME = "$(TARGET_NAME)";
				SWIFT_VERSION = 4.0;
			};
			name = Release;
		};
/* End XCBuildConfiguration section */

/* Begin XCConfigurationList section */
		DC03EA8D1FE05CA100430393 /* Build configuration list for PBXNativeTarget "12" */ = {
			isa = XCConfigurationList;
			buildConfigurations = (
				DC03EA8B1FE05CA100430393 /* Debug */,
				DC03EA8C1FE05CA100430393 /* Release */,
			);
			defaultConfigurationIsVisible = 0;
			defaultConfigurationName = Release;
		};
		DC09660F1FEEAEEC007C40F8 /* Build configuration list for PBXNativeTarget "23" */ = {
			isa = XCConfigurationList;
			buildConfigurations = (
				DC09660D1FEEAEEC007C40F8 /* Debug */,
				DC09660E1FEEAEEC007C40F8 /* Release */,
			);
			defaultConfigurationIsVisible = 0;
			defaultConfigurationName = Release;
		};
		DC12F5B41FD7A43100A3839F /* Build configuration list for PBXNativeTarget "6" */ = {
			isa = XCConfigurationList;
			buildConfigurations = (
				DC12F5B21FD7A43100A3839F /* Debug */,
				DC12F5B31FD7A43100A3839F /* Release */,
			);
			defaultConfigurationIsVisible = 0;
			defaultConfigurationName = Release;
		};
		DC203E441FE4665200AA674D /* Build configuration list for PBXNativeTarget "15" */ = {
			isa = XCConfigurationList;
			buildConfigurations = (
				DC203E421FE4665200AA674D /* Debug */,
				DC203E431FE4665200AA674D /* Release */,
			);
			defaultConfigurationIsVisible = 0;
			defaultConfigurationName = Release;
		};
		DC203E511FE5711200AA674D /* Build configuration list for PBXNativeTarget "16" */ = {
			isa = XCConfigurationList;
			buildConfigurations = (
				DC203E4F1FE5711200AA674D /* Debug */,
				DC203E501FE5711200AA674D /* Release */,
			);
			defaultConfigurationIsVisible = 0;
			defaultConfigurationName = Release;
		};
		DC203E5E1FE6F3AE00AA674D /* Build configuration list for PBXNativeTarget "17" */ = {
			isa = XCConfigurationList;
			buildConfigurations = (
				DC203E5C1FE6F3AE00AA674D /* Debug */,
				DC203E5D1FE6F3AE00AA674D /* Release */,
			);
			defaultConfigurationIsVisible = 0;
			defaultConfigurationName = Release;
		};
		DC2FDA0A1FDA0A740021AA29 /* Build configuration list for PBXNativeTarget "7" */ = {
			isa = XCConfigurationList;
			buildConfigurations = (
				DC2FDA081FDA0A740021AA29 /* Debug */,
				DC2FDA091FDA0A740021AA29 /* Release */,
			);
			defaultConfigurationIsVisible = 0;
			defaultConfigurationName = Release;
		};
		DC3066551FEACD5D004C7181 /* Build configuration list for PBXNativeTarget "20" */ = {
			isa = XCConfigurationList;
			buildConfigurations = (
				DC3066531FEACD5D004C7181 /* Debug */,
				DC3066541FEACD5D004C7181 /* Release */,
			);
			defaultConfigurationIsVisible = 0;
			defaultConfigurationName = Release;
		};
		DC4B586F1FF02AF800E9F0B1 /* Build configuration list for PBXNativeTarget "24" */ = {
			isa = XCConfigurationList;
			buildConfigurations = (
				DC4B586D1FF02AF800E9F0B1 /* Debug */,
				DC4B586E1FF02AF800E9F0B1 /* Release */,
			);
			defaultConfigurationIsVisible = 0;
			defaultConfigurationName = Release;
		};
		DC4B587A1FF05C9200E9F0B1 /* Build configuration list for PBXNativeTarget "25" */ = {
			isa = XCConfigurationList;
			buildConfigurations = (
				DC4B587B1FF05C9200E9F0B1 /* Debug */,
				DC4B587C1FF05C9200E9F0B1 /* Release */,
			);
			defaultConfigurationIsVisible = 0;
			defaultConfigurationName = Release;
		};
		DC4F53661FE80D17009DAF71 /* Build configuration list for PBXNativeTarget "18" */ = {
			isa = XCConfigurationList;
			buildConfigurations = (
				DC4F53641FE80D17009DAF71 /* Debug */,
				DC4F53651FE80D17009DAF71 /* Release */,
			);
			defaultConfigurationIsVisible = 0;
			defaultConfigurationName = Release;
		};
		DC6041CA1FDAEA08000985E9 /* Build configuration list for PBXNativeTarget "8" */ = {
			isa = XCConfigurationList;
			buildConfigurations = (
				DC6041C81FDAEA08000985E9 /* Debug */,
				DC6041C91FDAEA08000985E9 /* Release */,
			);
			defaultConfigurationIsVisible = 0;
			defaultConfigurationName = Release;
		};
		DC6E812E1FE1C08600137600 /* Build configuration list for PBXNativeTarget "13" */ = {
			isa = XCConfigurationList;
			buildConfigurations = (
				DC6E812C1FE1C08600137600 /* Debug */,
				DC6E812D1FE1C08600137600 /* Release */,
			);
			defaultConfigurationIsVisible = 0;
			defaultConfigurationName = Release;
		};
		DC7E9A241FDBA2A40080CB7E /* Build configuration list for PBXNativeTarget "9" */ = {
			isa = XCConfigurationList;
			buildConfigurations = (
				DC7E9A221FDBA2A40080CB7E /* Debug */,
				DC7E9A231FDBA2A40080CB7E /* Release */,
			);
			defaultConfigurationIsVisible = 0;
			defaultConfigurationName = Release;
		};
		DC7E9A311FDDC0FD0080CB7E /* Build configuration list for PBXNativeTarget "10" */ = {
			isa = XCConfigurationList;
			buildConfigurations = (
				DC7E9A2F1FDDC0FD0080CB7E /* Debug */,
				DC7E9A301FDDC0FD0080CB7E /* Release */,
			);
			defaultConfigurationIsVisible = 0;
			defaultConfigurationName = Release;
		};
		DC834F271FE32B7300952537 /* Build configuration list for PBXNativeTarget "14" */ = {
			isa = XCConfigurationList;
			buildConfigurations = (
				DC834F251FE32B7300952537 /* Debug */,
				DC834F261FE32B7300952537 /* Release */,
			);
			defaultConfigurationIsVisible = 0;
			defaultConfigurationName = Release;
		};
		DCA446251FD108D0009A3B22 /* Build configuration list for PBXProject "Advent2017" */ = {
			isa = XCConfigurationList;
			buildConfigurations = (
				DCA4462F1FD108D0009A3B22 /* Debug */,
				DCA446301FD108D0009A3B22 /* Release */,
			);
			defaultConfigurationIsVisible = 0;
			defaultConfigurationName = Release;
		};
		DCA446311FD108D0009A3B22 /* Build configuration list for PBXNativeTarget "1" */ = {
			isa = XCConfigurationList;
			buildConfigurations = (
				DCA446321FD108D0009A3B22 /* Debug */,
				DCA446331FD108D0009A3B22 /* Release */,
			);
			defaultConfigurationIsVisible = 0;
			defaultConfigurationName = Release;
		};
		DCA4463C1FD109B3009A3B22 /* Build configuration list for PBXNativeTarget "2" */ = {
			isa = XCConfigurationList;
			buildConfigurations = (
				DCA4463D1FD109B3009A3B22 /* Debug */,
				DCA4463E1FD109B3009A3B22 /* Release */,
			);
			defaultConfigurationIsVisible = 0;
			defaultConfigurationName = Release;
		};
		DCA70FFB1FD4977400BF0EFD /* Build configuration list for PBXNativeTarget "4" */ = {
			isa = XCConfigurationList;
			buildConfigurations = (
				DCA70FF91FD4977400BF0EFD /* Debug */,
				DCA70FFA1FD4977400BF0EFD /* Release */,
			);
			defaultConfigurationIsVisible = 0;
			defaultConfigurationName = Release;
		};
		DCA8693D1FDEC3390090846F /* Build configuration list for PBXNativeTarget "11" */ = {
			isa = XCConfigurationList;
			buildConfigurations = (
				DCA8693B1FDEC3390090846F /* Debug */,
				DCA8693C1FDEC3390090846F /* Release */,
			);
			defaultConfigurationIsVisible = 0;
			defaultConfigurationName = Release;
		};
		DCAA33BE1FD725A10075C768 /* Build configuration list for PBXNativeTarget "5" */ = {
			isa = XCConfigurationList;
			buildConfigurations = (
				DCAA33BC1FD725A10075C768 /* Debug */,
				DCAA33BD1FD725A10075C768 /* Release */,
			);
			defaultConfigurationIsVisible = 0;
			defaultConfigurationName = Release;
		};
		DCB27F311FD3BC5C006626D2 /* Build configuration list for PBXNativeTarget "3" */ = {
			isa = XCConfigurationList;
			buildConfigurations = (
				DCB27F2F1FD3BC5C006626D2 /* Debug */,
				DCB27F301FD3BC5C006626D2 /* Release */,
			);
			defaultConfigurationIsVisible = 0;
			defaultConfigurationName = Release;
		};
		DCEA84CC1FE98E3F00271C4C /* Build configuration list for PBXNativeTarget "19" */ = {
			isa = XCConfigurationList;
			buildConfigurations = (
				DCEA84CA1FE98E3F00271C4C /* Debug */,
				DCEA84CB1FE98E3F00271C4C /* Release */,
			);
			defaultConfigurationIsVisible = 0;
			defaultConfigurationName = Release;
		};
		DCF8D6C71FEC8BCA00152A67 /* Build configuration list for PBXNativeTarget "21" */ = {
			isa = XCConfigurationList;
			buildConfigurations = (
				DCF8D6C51FEC8BCA00152A67 /* Debug */,
				DCF8D6C61FEC8BCA00152A67 /* Release */,
			);
			defaultConfigurationIsVisible = 0;
			defaultConfigurationName = Release;
		};
		DCF8D6D21FED82DA00152A67 /* Build configuration list for PBXNativeTarget "22" */ = {
			isa = XCConfigurationList;
			buildConfigurations = (
				DCF8D6D31FED82DA00152A67 /* Debug */,
				DCF8D6D41FED82DA00152A67 /* Release */,
			);
			defaultConfigurationIsVisible = 0;
			defaultConfigurationName = Release;
		};
/* End XCConfigurationList section */
	};
	rootObject = DCA446221FD108D0009A3B22 /* Project object */;
}
