// !$*UTF8*$!
{
	archiveVersion = 1;
	classes = {
	};
	objectVersion = 48;
	objects = {

/* Begin PBXBuildFile section */
		DC12F5B11FD7A43100A3839F /* main.swift in Sources */ = {isa = PBXBuildFile; fileRef = DC12F5B01FD7A43100A3839F /* main.swift */; };
		DC2FDA071FDA0A740021AA29 /* main.swift in Sources */ = {isa = PBXBuildFile; fileRef = DC2FDA061FDA0A740021AA29 /* main.swift */; };
		DC2FDA0C1FDA0AC80021AA29 /* 7.swift in Sources */ = {isa = PBXBuildFile; fileRef = DC2FDA0B1FDA0AC80021AA29 /* 7.swift */; };
		DC5989421FD7A4C60093DD2B /* Useful.swift in Sources */ = {isa = PBXBuildFile; fileRef = DCB648A41FD1CFCD00CC25EC /* Useful.swift */; };
		DC6041C71FDAEA08000985E9 /* main.swift in Sources */ = {isa = PBXBuildFile; fileRef = DC6041C61FDAEA08000985E9 /* main.swift */; };
		DC7E9A211FDBA2A40080CB7E /* main.swift in Sources */ = {isa = PBXBuildFile; fileRef = DC7E9A201FDBA2A40080CB7E /* main.swift */; };
		DC7E9A261FDBA5970080CB7E /* 9.swift in Sources */ = {isa = PBXBuildFile; fileRef = DC7E9A251FDBA5970080CB7E /* 9.swift */; };
		DC7E9A2E1FDDC0FD0080CB7E /* main.swift in Sources */ = {isa = PBXBuildFile; fileRef = DC7E9A2D1FDDC0FD0080CB7E /* main.swift */; };
		DC7E9A341FDDD41B0080CB7E /* 10.swift in Sources */ = {isa = PBXBuildFile; fileRef = DC7E9A321FDDC2BC0080CB7E /* 10.swift */; };
		DCA4462E1FD108D0009A3B22 /* main.swift in Sources */ = {isa = PBXBuildFile; fileRef = DCA4462D1FD108D0009A3B22 /* main.swift */; };
		DCA4463B1FD109B3009A3B22 /* main.swift in Sources */ = {isa = PBXBuildFile; fileRef = DCA4463A1FD109B3009A3B22 /* main.swift */; };
		DCA70FF81FD4977400BF0EFD /* main.swift in Sources */ = {isa = PBXBuildFile; fileRef = DCA70FF71FD4977400BF0EFD /* main.swift */; };
		DCAA33BB1FD725A10075C768 /* main.swift in Sources */ = {isa = PBXBuildFile; fileRef = DCAA33BA1FD725A10075C768 /* main.swift */; };
		DCAA33C01FD727330075C768 /* 5.swift in Sources */ = {isa = PBXBuildFile; fileRef = DCAA33BF1FD725BC0075C768 /* 5.swift */; };
		DCB27F2E1FD3BC5C006626D2 /* main.swift in Sources */ = {isa = PBXBuildFile; fileRef = DCB27F2D1FD3BC5C006626D2 /* main.swift */; };
		DCB27F331FD3BC6C006626D2 /* Useful.swift in Sources */ = {isa = PBXBuildFile; fileRef = DCB648A41FD1CFCD00CC25EC /* Useful.swift */; };
		DCB648A71FD1D46A00CC25EC /* Useful.swift in Sources */ = {isa = PBXBuildFile; fileRef = DCB648A41FD1CFCD00CC25EC /* Useful.swift */; };
		DCBF20A61FDB73FC00693C33 /* 8.swift in Sources */ = {isa = PBXBuildFile; fileRef = DC6041CB1FDAEA4A000985E9 /* 8.swift */; };
		DCC2655B1FD6118B00533C63 /* 4.swift in Sources */ = {isa = PBXBuildFile; fileRef = DCC2655A1FD6118B00533C63 /* 4.swift */; };
		DCF6EF4B1FDA14F5004D55F3 /* Useful.swift in Sources */ = {isa = PBXBuildFile; fileRef = DCB648A41FD1CFCD00CC25EC /* Useful.swift */; };
/* End PBXBuildFile section */

/* Begin PBXCopyFilesBuildPhase section */
		DC12F5AC1FD7A43100A3839F /* CopyFiles */ = {
			isa = PBXCopyFilesBuildPhase;
			buildActionMask = 2147483647;
			dstPath = /usr/share/man/man1/;
			dstSubfolderSpec = 0;
			files = (
			);
			runOnlyForDeploymentPostprocessing = 1;
		};
		DC2FDA021FDA0A740021AA29 /* CopyFiles */ = {
			isa = PBXCopyFilesBuildPhase;
			buildActionMask = 2147483647;
			dstPath = /usr/share/man/man1/;
			dstSubfolderSpec = 0;
			files = (
			);
			runOnlyForDeploymentPostprocessing = 1;
		};
		DC6041C21FDAEA08000985E9 /* CopyFiles */ = {
			isa = PBXCopyFilesBuildPhase;
			buildActionMask = 2147483647;
			dstPath = /usr/share/man/man1/;
			dstSubfolderSpec = 0;
			files = (
			);
			runOnlyForDeploymentPostprocessing = 1;
		};
		DC7E9A1C1FDBA2A40080CB7E /* CopyFiles */ = {
			isa = PBXCopyFilesBuildPhase;
			buildActionMask = 2147483647;
			dstPath = /usr/share/man/man1/;
			dstSubfolderSpec = 0;
			files = (
			);
			runOnlyForDeploymentPostprocessing = 1;
		};
		DC7E9A291FDDC0FD0080CB7E /* CopyFiles */ = {
			isa = PBXCopyFilesBuildPhase;
			buildActionMask = 2147483647;
			dstPath = /usr/share/man/man1/;
			dstSubfolderSpec = 0;
			files = (
			);
			runOnlyForDeploymentPostprocessing = 1;
		};
		DCA446281FD108D0009A3B22 /* CopyFiles */ = {
			isa = PBXCopyFilesBuildPhase;
			buildActionMask = 2147483647;
			dstPath = /usr/share/man/man1/;
			dstSubfolderSpec = 0;
			files = (
			);
			runOnlyForDeploymentPostprocessing = 1;
		};
		DCA446361FD109B3009A3B22 /* CopyFiles */ = {
			isa = PBXCopyFilesBuildPhase;
			buildActionMask = 2147483647;
			dstPath = /usr/share/man/man1/;
			dstSubfolderSpec = 0;
			files = (
			);
			runOnlyForDeploymentPostprocessing = 1;
		};
		DCA70FF31FD4977400BF0EFD /* CopyFiles */ = {
			isa = PBXCopyFilesBuildPhase;
			buildActionMask = 2147483647;
			dstPath = /usr/share/man/man1/;
			dstSubfolderSpec = 0;
			files = (
			);
			runOnlyForDeploymentPostprocessing = 1;
		};
		DCAA33B61FD725A00075C768 /* CopyFiles */ = {
			isa = PBXCopyFilesBuildPhase;
			buildActionMask = 2147483647;
			dstPath = /usr/share/man/man1/;
			dstSubfolderSpec = 0;
			files = (
			);
			runOnlyForDeploymentPostprocessing = 1;
		};
		DCB27F291FD3BC5C006626D2 /* CopyFiles */ = {
			isa = PBXCopyFilesBuildPhase;
			buildActionMask = 2147483647;
			dstPath = /usr/share/man/man1/;
			dstSubfolderSpec = 0;
			files = (
			);
			runOnlyForDeploymentPostprocessing = 1;
		};
/* End PBXCopyFilesBuildPhase section */

/* Begin PBXFileReference section */
		DC12F5AE1FD7A43100A3839F /* 6 */ = {isa = PBXFileReference; explicitFileType = "compiled.mach-o.executable"; includeInIndex = 0; path = 6; sourceTree = BUILT_PRODUCTS_DIR; };
		DC12F5B01FD7A43100A3839F /* main.swift */ = {isa = PBXFileReference; lastKnownFileType = sourcecode.swift; path = main.swift; sourceTree = "<group>"; };
		DC2FDA041FDA0A740021AA29 /* 7 */ = {isa = PBXFileReference; explicitFileType = "compiled.mach-o.executable"; includeInIndex = 0; path = 7; sourceTree = BUILT_PRODUCTS_DIR; };
		DC2FDA061FDA0A740021AA29 /* main.swift */ = {isa = PBXFileReference; lastKnownFileType = sourcecode.swift; path = main.swift; sourceTree = "<group>"; };
		DC2FDA0B1FDA0AC80021AA29 /* 7.swift */ = {isa = PBXFileReference; fileEncoding = 4; lastKnownFileType = sourcecode.swift; path = 7.swift; sourceTree = "<group>"; };
		DC5989441FD7A71B0093DD2B /* 1-Bridging-Header.h */ = {isa = PBXFileReference; lastKnownFileType = sourcecode.c.h; path = "1-Bridging-Header.h"; sourceTree = "<group>"; };
		DC6041C41FDAEA08000985E9 /* 8 */ = {isa = PBXFileReference; explicitFileType = "compiled.mach-o.executable"; includeInIndex = 0; path = 8; sourceTree = BUILT_PRODUCTS_DIR; };
		DC6041C61FDAEA08000985E9 /* main.swift */ = {isa = PBXFileReference; lastKnownFileType = sourcecode.swift; path = main.swift; sourceTree = "<group>"; };
		DC6041CB1FDAEA4A000985E9 /* 8.swift */ = {isa = PBXFileReference; fileEncoding = 4; lastKnownFileType = sourcecode.swift; path = 8.swift; sourceTree = "<group>"; };
		DC7E9A1E1FDBA2A40080CB7E /* 9 */ = {isa = PBXFileReference; explicitFileType = "compiled.mach-o.executable"; includeInIndex = 0; path = 9; sourceTree = BUILT_PRODUCTS_DIR; };
		DC7E9A201FDBA2A40080CB7E /* main.swift */ = {isa = PBXFileReference; lastKnownFileType = sourcecode.swift; path = main.swift; sourceTree = "<group>"; };
		DC7E9A251FDBA5970080CB7E /* 9.swift */ = {isa = PBXFileReference; fileEncoding = 4; lastKnownFileType = sourcecode.swift; path = 9.swift; sourceTree = "<group>"; };
		DC7E9A2B1FDDC0FD0080CB7E /* 10 */ = {isa = PBXFileReference; explicitFileType = "compiled.mach-o.executable"; includeInIndex = 0; path = 10; sourceTree = BUILT_PRODUCTS_DIR; };
		DC7E9A2D1FDDC0FD0080CB7E /* main.swift */ = {isa = PBXFileReference; lastKnownFileType = sourcecode.swift; path = main.swift; sourceTree = "<group>"; };
		DC7E9A321FDDC2BC0080CB7E /* 10.swift */ = {isa = PBXFileReference; fileEncoding = 4; lastKnownFileType = sourcecode.swift; path = 10.swift; sourceTree = "<group>"; };
		DCA4462A1FD108D0009A3B22 /* 1 */ = {isa = PBXFileReference; explicitFileType = "compiled.mach-o.executable"; includeInIndex = 0; path = 1; sourceTree = BUILT_PRODUCTS_DIR; };
		DCA4462D1FD108D0009A3B22 /* main.swift */ = {isa = PBXFileReference; lastKnownFileType = sourcecode.swift; path = main.swift; sourceTree = "<group>"; };
		DCA446381FD109B3009A3B22 /* 2 */ = {isa = PBXFileReference; explicitFileType = "compiled.mach-o.executable"; includeInIndex = 0; path = 2; sourceTree = BUILT_PRODUCTS_DIR; };
		DCA4463A1FD109B3009A3B22 /* main.swift */ = {isa = PBXFileReference; lastKnownFileType = sourcecode.swift; path = main.swift; sourceTree = "<group>"; };
		DCA70FF51FD4977400BF0EFD /* 4 */ = {isa = PBXFileReference; explicitFileType = "compiled.mach-o.executable"; includeInIndex = 0; path = 4; sourceTree = BUILT_PRODUCTS_DIR; };
		DCA70FF71FD4977400BF0EFD /* main.swift */ = {isa = PBXFileReference; lastKnownFileType = sourcecode.swift; path = main.swift; sourceTree = "<group>"; };
		DCAA33B81FD725A00075C768 /* 5 */ = {isa = PBXFileReference; explicitFileType = "compiled.mach-o.executable"; includeInIndex = 0; path = 5; sourceTree = BUILT_PRODUCTS_DIR; };
		DCAA33BA1FD725A10075C768 /* main.swift */ = {isa = PBXFileReference; lastKnownFileType = sourcecode.swift; path = main.swift; sourceTree = "<group>"; };
		DCAA33BF1FD725BC0075C768 /* 5.swift */ = {isa = PBXFileReference; fileEncoding = 4; lastKnownFileType = sourcecode.swift; path = 5.swift; sourceTree = "<group>"; };
		DCB27F2B1FD3BC5C006626D2 /* 3 */ = {isa = PBXFileReference; explicitFileType = "compiled.mach-o.executable"; includeInIndex = 0; path = 3; sourceTree = BUILT_PRODUCTS_DIR; };
		DCB27F2D1FD3BC5C006626D2 /* main.swift */ = {isa = PBXFileReference; lastKnownFileType = sourcecode.swift; path = main.swift; sourceTree = "<group>"; };
		DCB648A41FD1CFCD00CC25EC /* Useful.swift */ = {isa = PBXFileReference; lastKnownFileType = sourcecode.swift; path = Useful.swift; sourceTree = "<group>"; };
		DCC2655A1FD6118B00533C63 /* 4.swift */ = {isa = PBXFileReference; fileEncoding = 4; lastKnownFileType = sourcecode.swift; path = 4.swift; sourceTree = "<group>"; };
/* End PBXFileReference section */

/* Begin PBXFrameworksBuildPhase section */
		DC12F5AB1FD7A43100A3839F /* Frameworks */ = {
			isa = PBXFrameworksBuildPhase;
			buildActionMask = 2147483647;
			files = (
			);
			runOnlyForDeploymentPostprocessing = 0;
		};
		DC2FDA011FDA0A740021AA29 /* Frameworks */ = {
			isa = PBXFrameworksBuildPhase;
			buildActionMask = 2147483647;
			files = (
			);
			runOnlyForDeploymentPostprocessing = 0;
		};
		DC6041C11FDAEA08000985E9 /* Frameworks */ = {
			isa = PBXFrameworksBuildPhase;
			buildActionMask = 2147483647;
			files = (
			);
			runOnlyForDeploymentPostprocessing = 0;
		};
		DC7E9A1B1FDBA2A40080CB7E /* Frameworks */ = {
			isa = PBXFrameworksBuildPhase;
			buildActionMask = 2147483647;
			files = (
			);
			runOnlyForDeploymentPostprocessing = 0;
		};
		DC7E9A281FDDC0FD0080CB7E /* Frameworks */ = {
			isa = PBXFrameworksBuildPhase;
			buildActionMask = 2147483647;
			files = (
			);
			runOnlyForDeploymentPostprocessing = 0;
		};
		DCA446271FD108D0009A3B22 /* Frameworks */ = {
			isa = PBXFrameworksBuildPhase;
			buildActionMask = 2147483647;
			files = (
			);
			runOnlyForDeploymentPostprocessing = 0;
		};
		DCA446351FD109B3009A3B22 /* Frameworks */ = {
			isa = PBXFrameworksBuildPhase;
			buildActionMask = 2147483647;
			files = (
			);
			runOnlyForDeploymentPostprocessing = 0;
		};
		DCA70FF21FD4977400BF0EFD /* Frameworks */ = {
			isa = PBXFrameworksBuildPhase;
			buildActionMask = 2147483647;
			files = (
			);
			runOnlyForDeploymentPostprocessing = 0;
		};
		DCAA33B51FD725A00075C768 /* Frameworks */ = {
			isa = PBXFrameworksBuildPhase;
			buildActionMask = 2147483647;
			files = (
			);
			runOnlyForDeploymentPostprocessing = 0;
		};
		DCB27F281FD3BC5C006626D2 /* Frameworks */ = {
			isa = PBXFrameworksBuildPhase;
			buildActionMask = 2147483647;
			files = (
			);
			runOnlyForDeploymentPostprocessing = 0;
		};
/* End PBXFrameworksBuildPhase section */

/* Begin PBXGroup section */
		DC12F5AF1FD7A43100A3839F /* 6 */ = {
			isa = PBXGroup;
			children = (
				DC12F5B01FD7A43100A3839F /* main.swift */,
			);
			path = 6;
			sourceTree = "<group>";
		};
		DC2FDA051FDA0A740021AA29 /* 7 */ = {
			isa = PBXGroup;
			children = (
				DC2FDA061FDA0A740021AA29 /* main.swift */,
				DC2FDA0B1FDA0AC80021AA29 /* 7.swift */,
			);
			path = 7;
			sourceTree = "<group>";
		};
		DC6041C51FDAEA08000985E9 /* 8 */ = {
			isa = PBXGroup;
			children = (
				DC6041C61FDAEA08000985E9 /* main.swift */,
				DC6041CB1FDAEA4A000985E9 /* 8.swift */,
			);
			path = 8;
			sourceTree = "<group>";
		};
		DC7E9A1F1FDBA2A40080CB7E /* 9 */ = {
			isa = PBXGroup;
			children = (
				DC7E9A201FDBA2A40080CB7E /* main.swift */,
				DC7E9A251FDBA5970080CB7E /* 9.swift */,
			);
			path = 9;
			sourceTree = "<group>";
		};
		DC7E9A2C1FDDC0FD0080CB7E /* 10 */ = {
			isa = PBXGroup;
			children = (
				DC7E9A2D1FDDC0FD0080CB7E /* main.swift */,
				DC7E9A321FDDC2BC0080CB7E /* 10.swift */,
			);
			path = 10;
			sourceTree = "<group>";
		};
		DCA446211FD108D0009A3B22 = {
			isa = PBXGroup;
			children = (
				DCB648A41FD1CFCD00CC25EC /* Useful.swift */,
				DCA4462C1FD108D0009A3B22 /* 1 */,
				DCA446391FD109B3009A3B22 /* 2 */,
				DCB27F2C1FD3BC5C006626D2 /* 3 */,
				DCA70FF61FD4977400BF0EFD /* 4 */,
				DCAA33B91FD725A10075C768 /* 5 */,
				DC12F5AF1FD7A43100A3839F /* 6 */,
				DC2FDA051FDA0A740021AA29 /* 7 */,
				DC6041C51FDAEA08000985E9 /* 8 */,
				DC7E9A1F1FDBA2A40080CB7E /* 9 */,
				DC7E9A2C1FDDC0FD0080CB7E /* 10 */,
				DCA4462B1FD108D0009A3B22 /* Products */,
				DC5989441FD7A71B0093DD2B /* 1-Bridging-Header.h */,
			);
			sourceTree = "<group>";
		};
		DCA4462B1FD108D0009A3B22 /* Products */ = {
			isa = PBXGroup;
			children = (
				DCA4462A1FD108D0009A3B22 /* 1 */,
				DCA446381FD109B3009A3B22 /* 2 */,
				DCB27F2B1FD3BC5C006626D2 /* 3 */,
				DCA70FF51FD4977400BF0EFD /* 4 */,
				DCAA33B81FD725A00075C768 /* 5 */,
				DC12F5AE1FD7A43100A3839F /* 6 */,
				DC2FDA041FDA0A740021AA29 /* 7 */,
				DC6041C41FDAEA08000985E9 /* 8 */,
				DC7E9A1E1FDBA2A40080CB7E /* 9 */,
				DC7E9A2B1FDDC0FD0080CB7E /* 10 */,
			);
			name = Products;
			sourceTree = "<group>";
		};
		DCA4462C1FD108D0009A3B22 /* 1 */ = {
			isa = PBXGroup;
			children = (
				DCA4462D1FD108D0009A3B22 /* main.swift */,
			);
			path = 1;
			sourceTree = "<group>";
		};
		DCA446391FD109B3009A3B22 /* 2 */ = {
			isa = PBXGroup;
			children = (
				DCA4463A1FD109B3009A3B22 /* main.swift */,
			);
			path = 2;
			sourceTree = "<group>";
		};
		DCA70FF61FD4977400BF0EFD /* 4 */ = {
			isa = PBXGroup;
			children = (
				DCC2655A1FD6118B00533C63 /* 4.swift */,
				DCA70FF71FD4977400BF0EFD /* main.swift */,
			);
			path = 4;
			sourceTree = "<group>";
		};
		DCAA33B91FD725A10075C768 /* 5 */ = {
			isa = PBXGroup;
			children = (
				DCAA33BF1FD725BC0075C768 /* 5.swift */,
				DCAA33BA1FD725A10075C768 /* main.swift */,
			);
			path = 5;
			sourceTree = "<group>";
		};
		DCB27F2C1FD3BC5C006626D2 /* 3 */ = {
			isa = PBXGroup;
			children = (
				DCB27F2D1FD3BC5C006626D2 /* main.swift */,
			);
			path = 3;
			sourceTree = "<group>";
		};
/* End PBXGroup section */

/* Begin PBXNativeTarget section */
		DC12F5AD1FD7A43100A3839F /* 6 */ = {
			isa = PBXNativeTarget;
			buildConfigurationList = DC12F5B41FD7A43100A3839F /* Build configuration list for PBXNativeTarget "6" */;
			buildPhases = (
				DC12F5AA1FD7A43100A3839F /* Sources */,
				DC12F5AB1FD7A43100A3839F /* Frameworks */,
				DC12F5AC1FD7A43100A3839F /* CopyFiles */,
			);
			buildRules = (
			);
			dependencies = (
			);
			name = 6;
			productName = 6;
			productReference = DC12F5AE1FD7A43100A3839F /* 6 */;
			productType = "com.apple.product-type.tool";
		};
		DC2FDA031FDA0A740021AA29 /* 7 */ = {
			isa = PBXNativeTarget;
			buildConfigurationList = DC2FDA0A1FDA0A740021AA29 /* Build configuration list for PBXNativeTarget "7" */;
			buildPhases = (
				DC2FDA001FDA0A740021AA29 /* Sources */,
				DC2FDA011FDA0A740021AA29 /* Frameworks */,
				DC2FDA021FDA0A740021AA29 /* CopyFiles */,
			);
			buildRules = (
			);
			dependencies = (
			);
			name = 7;
			productName = 7;
			productReference = DC2FDA041FDA0A740021AA29 /* 7 */;
			productType = "com.apple.product-type.tool";
		};
		DC6041C31FDAEA08000985E9 /* 8 */ = {
			isa = PBXNativeTarget;
			buildConfigurationList = DC6041CA1FDAEA08000985E9 /* Build configuration list for PBXNativeTarget "8" */;
			buildPhases = (
				DC6041C01FDAEA08000985E9 /* Sources */,
				DC6041C11FDAEA08000985E9 /* Frameworks */,
				DC6041C21FDAEA08000985E9 /* CopyFiles */,
			);
			buildRules = (
			);
			dependencies = (
			);
			name = 8;
			productName = 8;
			productReference = DC6041C41FDAEA08000985E9 /* 8 */;
			productType = "com.apple.product-type.tool";
		};
		DC7E9A1D1FDBA2A40080CB7E /* 9 */ = {
			isa = PBXNativeTarget;
			buildConfigurationList = DC7E9A241FDBA2A40080CB7E /* Build configuration list for PBXNativeTarget "9" */;
			buildPhases = (
				DC7E9A1A1FDBA2A40080CB7E /* Sources */,
				DC7E9A1B1FDBA2A40080CB7E /* Frameworks */,
				DC7E9A1C1FDBA2A40080CB7E /* CopyFiles */,
			);
			buildRules = (
			);
			dependencies = (
			);
			name = 9;
			productName = 9;
			productReference = DC7E9A1E1FDBA2A40080CB7E /* 9 */;
			productType = "com.apple.product-type.tool";
		};
		DC7E9A2A1FDDC0FD0080CB7E /* 10 */ = {
			isa = PBXNativeTarget;
			buildConfigurationList = DC7E9A311FDDC0FD0080CB7E /* Build configuration list for PBXNativeTarget "10" */;
			buildPhases = (
				DC7E9A271FDDC0FD0080CB7E /* Sources */,
				DC7E9A281FDDC0FD0080CB7E /* Frameworks */,
				DC7E9A291FDDC0FD0080CB7E /* CopyFiles */,
			);
			buildRules = (
			);
			dependencies = (
			);
			name = 10;
			productName = 10;
			productReference = DC7E9A2B1FDDC0FD0080CB7E /* 10 */;
			productType = "com.apple.product-type.tool";
		};
		DCA446291FD108D0009A3B22 /* 1 */ = {
			isa = PBXNativeTarget;
			buildConfigurationList = DCA446311FD108D0009A3B22 /* Build configuration list for PBXNativeTarget "1" */;
			buildPhases = (
				DCA446261FD108D0009A3B22 /* Sources */,
				DCA446271FD108D0009A3B22 /* Frameworks */,
				DCA446281FD108D0009A3B22 /* CopyFiles */,
			);
			buildRules = (
			);
			dependencies = (
			);
			name = 1;
			productName = Advent2017;
			productReference = DCA4462A1FD108D0009A3B22 /* 1 */;
			productType = "com.apple.product-type.tool";
		};
		DCA446371FD109B3009A3B22 /* 2 */ = {
			isa = PBXNativeTarget;
			buildConfigurationList = DCA4463C1FD109B3009A3B22 /* Build configuration list for PBXNativeTarget "2" */;
			buildPhases = (
				DCA446341FD109B3009A3B22 /* Sources */,
				DCA446351FD109B3009A3B22 /* Frameworks */,
				DCA446361FD109B3009A3B22 /* CopyFiles */,
			);
			buildRules = (
			);
			dependencies = (
			);
			name = 2;
			productName = 2;
			productReference = DCA446381FD109B3009A3B22 /* 2 */;
			productType = "com.apple.product-type.tool";
		};
		DCA70FF41FD4977400BF0EFD /* 4 */ = {
			isa = PBXNativeTarget;
			buildConfigurationList = DCA70FFB1FD4977400BF0EFD /* Build configuration list for PBXNativeTarget "4" */;
			buildPhases = (
				DCA70FF11FD4977400BF0EFD /* Sources */,
				DCA70FF21FD4977400BF0EFD /* Frameworks */,
				DCA70FF31FD4977400BF0EFD /* CopyFiles */,
			);
			buildRules = (
			);
			dependencies = (
			);
			name = 4;
			productName = 4;
			productReference = DCA70FF51FD4977400BF0EFD /* 4 */;
			productType = "com.apple.product-type.tool";
		};
		DCAA33B71FD725A00075C768 /* 5 */ = {
			isa = PBXNativeTarget;
			buildConfigurationList = DCAA33BE1FD725A10075C768 /* Build configuration list for PBXNativeTarget "5" */;
			buildPhases = (
				DCAA33B41FD725A00075C768 /* Sources */,
				DCAA33B51FD725A00075C768 /* Frameworks */,
				DCAA33B61FD725A00075C768 /* CopyFiles */,
			);
			buildRules = (
			);
			dependencies = (
			);
			name = 5;
			productName = 5;
			productReference = DCAA33B81FD725A00075C768 /* 5 */;
			productType = "com.apple.product-type.tool";
		};
		DCB27F2A1FD3BC5C006626D2 /* 3 */ = {
			isa = PBXNativeTarget;
			buildConfigurationList = DCB27F311FD3BC5C006626D2 /* Build configuration list for PBXNativeTarget "3" */;
			buildPhases = (
				DCB27F271FD3BC5C006626D2 /* Sources */,
				DCB27F281FD3BC5C006626D2 /* Frameworks */,
				DCB27F291FD3BC5C006626D2 /* CopyFiles */,
			);
			buildRules = (
			);
			dependencies = (
			);
			name = 3;
			productName = 3;
			productReference = DCB27F2B1FD3BC5C006626D2 /* 3 */;
			productType = "com.apple.product-type.tool";
		};
/* End PBXNativeTarget section */

/* Begin PBXProject section */
		DCA446221FD108D0009A3B22 /* Project object */ = {
			isa = PBXProject;
			attributes = {
				LastSwiftUpdateCheck = 0920;
				LastUpgradeCheck = 0910;
				ORGANIZATIONNAME = Livelys;
				TargetAttributes = {
					DC12F5AD1FD7A43100A3839F = {
						CreatedOnToolsVersion = 9.2;
						ProvisioningStyle = Automatic;
					};
					DC2FDA031FDA0A740021AA29 = {
						CreatedOnToolsVersion = 9.2;
						ProvisioningStyle = Automatic;
					};
					DC6041C31FDAEA08000985E9 = {
						CreatedOnToolsVersion = 9.2;
						ProvisioningStyle = Automatic;
					};
					DC7E9A1D1FDBA2A40080CB7E = {
						CreatedOnToolsVersion = 9.2;
						ProvisioningStyle = Automatic;
					};
					DC7E9A2A1FDDC0FD0080CB7E = {
						CreatedOnToolsVersion = 9.2;
						ProvisioningStyle = Automatic;
					};
					DCA446291FD108D0009A3B22 = {
						CreatedOnToolsVersion = 9.1;
						LastSwiftMigration = 0920;
						ProvisioningStyle = Automatic;
					};
					DCA446371FD109B3009A3B22 = {
						CreatedOnToolsVersion = 9.1;
						ProvisioningStyle = Automatic;
					};
					DCA70FF41FD4977400BF0EFD = {
						CreatedOnToolsVersion = 9.1;
						ProvisioningStyle = Automatic;
					};
					DCAA33B71FD725A00075C768 = {
						CreatedOnToolsVersion = 9.2;
						ProvisioningStyle = Automatic;
					};
					DCB27F2A1FD3BC5C006626D2 = {
						CreatedOnToolsVersion = 9.1;
						ProvisioningStyle = Automatic;
					};
				};
			};
			buildConfigurationList = DCA446251FD108D0009A3B22 /* Build configuration list for PBXProject "Advent2017" */;
			compatibilityVersion = "Xcode 8.0";
			developmentRegion = en;
			hasScannedForEncodings = 0;
			knownRegions = (
				en,
			);
			mainGroup = DCA446211FD108D0009A3B22;
			productRefGroup = DCA4462B1FD108D0009A3B22 /* Products */;
			projectDirPath = "";
			projectRoot = "";
			targets = (
				DCA446291FD108D0009A3B22 /* 1 */,
				DCA446371FD109B3009A3B22 /* 2 */,
				DCB27F2A1FD3BC5C006626D2 /* 3 */,
				DCA70FF41FD4977400BF0EFD /* 4 */,
				DCAA33B71FD725A00075C768 /* 5 */,
				DC12F5AD1FD7A43100A3839F /* 6 */,
				DC2FDA031FDA0A740021AA29 /* 7 */,
				DC6041C31FDAEA08000985E9 /* 8 */,
				DC7E9A1D1FDBA2A40080CB7E /* 9 */,
				DC7E9A2A1FDDC0FD0080CB7E /* 10 */,
			);
		};
/* End PBXProject section */

/* Begin PBXSourcesBuildPhase section */
		DC12F5AA1FD7A43100A3839F /* Sources */ = {
			isa = PBXSourcesBuildPhase;
			buildActionMask = 2147483647;
			files = (
				DC12F5B11FD7A43100A3839F /* main.swift in Sources */,
				DC5989421FD7A4C60093DD2B /* Useful.swift in Sources */,
			);
			runOnlyForDeploymentPostprocessing = 0;
		};
		DC2FDA001FDA0A740021AA29 /* Sources */ = {
			isa = PBXSourcesBuildPhase;
			buildActionMask = 2147483647;
			files = (
				DC2FDA071FDA0A740021AA29 /* main.swift in Sources */,
				DC2FDA0C1FDA0AC80021AA29 /* 7.swift in Sources */,
				DCF6EF4B1FDA14F5004D55F3 /* Useful.swift in Sources */,
			);
			runOnlyForDeploymentPostprocessing = 0;
		};
		DC6041C01FDAEA08000985E9 /* Sources */ = {
			isa = PBXSourcesBuildPhase;
			buildActionMask = 2147483647;
			files = (
				DCBF20A61FDB73FC00693C33 /* 8.swift in Sources */,
				DC6041C71FDAEA08000985E9 /* main.swift in Sources */,
			);
			runOnlyForDeploymentPostprocessing = 0;
		};
		DC7E9A1A1FDBA2A40080CB7E /* Sources */ = {
			isa = PBXSourcesBuildPhase;
			buildActionMask = 2147483647;
			files = (
				DC7E9A211FDBA2A40080CB7E /* main.swift in Sources */,
				DC7E9A261FDBA5970080CB7E /* 9.swift in Sources */,
			);
			runOnlyForDeploymentPostprocessing = 0;
		};
		DC7E9A271FDDC0FD0080CB7E /* Sources */ = {
			isa = PBXSourcesBuildPhase;
			buildActionMask = 2147483647;
			files = (
				DC7E9A341FDDD41B0080CB7E /* 10.swift in Sources */,
				DC7E9A2E1FDDC0FD0080CB7E /* main.swift in Sources */,
			);
			runOnlyForDeploymentPostprocessing = 0;
		};
		DCA446261FD108D0009A3B22 /* Sources */ = {
			isa = PBXSourcesBuildPhase;
			buildActionMask = 2147483647;
			files = (
				DCA4462E1FD108D0009A3B22 /* main.swift in Sources */,
				DCB648A71FD1D46A00CC25EC /* Useful.swift in Sources */,
			);
			runOnlyForDeploymentPostprocessing = 0;
		};
		DCA446341FD109B3009A3B22 /* Sources */ = {
			isa = PBXSourcesBuildPhase;
			buildActionMask = 2147483647;
			files = (
				DCA4463B1FD109B3009A3B22 /* main.swift in Sources */,
			);
			runOnlyForDeploymentPostprocessing = 0;
		};
		DCA70FF11FD4977400BF0EFD /* Sources */ = {
			isa = PBXSourcesBuildPhase;
			buildActionMask = 2147483647;
			files = (
				DCC2655B1FD6118B00533C63 /* 4.swift in Sources */,
				DCA70FF81FD4977400BF0EFD /* main.swift in Sources */,
			);
			runOnlyForDeploymentPostprocessing = 0;
		};
		DCAA33B41FD725A00075C768 /* Sources */ = {
			isa = PBXSourcesBuildPhase;
			buildActionMask = 2147483647;
			files = (
				DCAA33BB1FD725A10075C768 /* main.swift in Sources */,
				DCAA33C01FD727330075C768 /* 5.swift in Sources */,
			);
			runOnlyForDeploymentPostprocessing = 0;
		};
		DCB27F271FD3BC5C006626D2 /* Sources */ = {
			isa = PBXSourcesBuildPhase;
			buildActionMask = 2147483647;
			files = (
				DCB27F2E1FD3BC5C006626D2 /* main.swift in Sources */,
				DCB27F331FD3BC6C006626D2 /* Useful.swift in Sources */,
			);
			runOnlyForDeploymentPostprocessing = 0;
		};
/* End PBXSourcesBuildPhase section */

/* Begin XCBuildConfiguration section */
		DC12F5B21FD7A43100A3839F /* Debug */ = {
			isa = XCBuildConfiguration;
			buildSettings = {
				CODE_SIGN_STYLE = Automatic;
				PRODUCT_NAME = "$(TARGET_NAME)";
				SWIFT_OBJC_BRIDGING_HEADER = "${PROJECT_DIR}/1-Bridging-Header.h";
				SWIFT_VERSION = 4.0;
			};
			name = Debug;
		};
		DC12F5B31FD7A43100A3839F /* Release */ = {
			isa = XCBuildConfiguration;
			buildSettings = {
				CODE_SIGN_STYLE = Automatic;
				PRODUCT_NAME = "$(TARGET_NAME)";
				SWIFT_OBJC_BRIDGING_HEADER = "${PROJECT_DIR}/1-Bridging-Header.h";
				SWIFT_VERSION = 4.0;
			};
			name = Release;
		};
		DC2FDA081FDA0A740021AA29 /* Debug */ = {
			isa = XCBuildConfiguration;
			buildSettings = {
				CODE_SIGN_STYLE = Automatic;
				PRODUCT_NAME = "$(TARGET_NAME)";
				SWIFT_VERSION = 4.0;
			};
			name = Debug;
		};
		DC2FDA091FDA0A740021AA29 /* Release */ = {
			isa = XCBuildConfiguration;
			buildSettings = {
				CODE_SIGN_STYLE = Automatic;
				PRODUCT_NAME = "$(TARGET_NAME)";
				SWIFT_VERSION = 4.0;
			};
			name = Release;
		};
		DC6041C81FDAEA08000985E9 /* Debug */ = {
			isa = XCBuildConfiguration;
			buildSettings = {
				CODE_SIGN_STYLE = Automatic;
				PRODUCT_NAME = "$(TARGET_NAME)";
				SWIFT_VERSION = 4.0;
			};
			name = Debug;
		};
		DC6041C91FDAEA08000985E9 /* Release */ = {
			isa = XCBuildConfiguration;
			buildSettings = {
				CODE_SIGN_STYLE = Automatic;
				PRODUCT_NAME = "$(TARGET_NAME)";
				SWIFT_VERSION = 4.0;
			};
			name = Release;
		};
		DC7E9A221FDBA2A40080CB7E /* Debug */ = {
			isa = XCBuildConfiguration;
			buildSettings = {
				CODE_SIGN_STYLE = Automatic;
				PRODUCT_NAME = "$(TARGET_NAME)";
				SWIFT_VERSION = 4.0;
			};
			name = Debug;
		};
		DC7E9A231FDBA2A40080CB7E /* Release */ = {
			isa = XCBuildConfiguration;
			buildSettings = {
				CODE_SIGN_STYLE = Automatic;
				PRODUCT_NAME = "$(TARGET_NAME)";
				SWIFT_VERSION = 4.0;
			};
			name = Release;
		};
		DC7E9A2F1FDDC0FD0080CB7E /* Debug */ = {
			isa = XCBuildConfiguration;
			buildSettings = {
				CODE_SIGN_STYLE = Automatic;
				PRODUCT_NAME = "$(TARGET_NAME)";
				SWIFT_VERSION = 4.0;
			};
			name = Debug;
		};
		DC7E9A301FDDC0FD0080CB7E /* Release */ = {
			isa = XCBuildConfiguration;
			buildSettings = {
				CODE_SIGN_STYLE = Automatic;
				PRODUCT_NAME = "$(TARGET_NAME)";
				SWIFT_VERSION = 4.0;
			};
			name = Release;
		};
		DCA4462F1FD108D0009A3B22 /* Debug */ = {
			isa = XCBuildConfiguration;
			buildSettings = {
				ALWAYS_SEARCH_USER_PATHS = NO;
				CLANG_ANALYZER_NONNULL = YES;
				CLANG_ANALYZER_NUMBER_OBJECT_CONVERSION = YES_AGGRESSIVE;
				CLANG_CXX_LANGUAGE_STANDARD = "gnu++14";
				CLANG_CXX_LIBRARY = "libc++";
				CLANG_ENABLE_MODULES = YES;
				CLANG_ENABLE_OBJC_ARC = YES;
				CLANG_WARN_BLOCK_CAPTURE_AUTORELEASING = YES;
				CLANG_WARN_BOOL_CONVERSION = YES;
				CLANG_WARN_COMMA = YES;
				CLANG_WARN_CONSTANT_CONVERSION = YES;
				CLANG_WARN_DIRECT_OBJC_ISA_USAGE = YES_ERROR;
				CLANG_WARN_DOCUMENTATION_COMMENTS = YES;
				CLANG_WARN_EMPTY_BODY = YES;
				CLANG_WARN_ENUM_CONVERSION = YES;
				CLANG_WARN_INFINITE_RECURSION = YES;
				CLANG_WARN_INT_CONVERSION = YES;
				CLANG_WARN_NON_LITERAL_NULL_CONVERSION = YES;
				CLANG_WARN_OBJC_LITERAL_CONVERSION = YES;
				CLANG_WARN_OBJC_ROOT_CLASS = YES_ERROR;
				CLANG_WARN_RANGE_LOOP_ANALYSIS = YES;
				CLANG_WARN_STRICT_PROTOTYPES = YES;
				CLANG_WARN_SUSPICIOUS_MOVE = YES;
				CLANG_WARN_UNGUARDED_AVAILABILITY = YES_AGGRESSIVE;
				CLANG_WARN_UNREACHABLE_CODE = YES;
				CLANG_WARN__DUPLICATE_METHOD_MATCH = YES;
				CODE_SIGN_IDENTITY = "-";
				COPY_PHASE_STRIP = NO;
				DEBUG_INFORMATION_FORMAT = dwarf;
				ENABLE_STRICT_OBJC_MSGSEND = YES;
				ENABLE_TESTABILITY = YES;
				GCC_C_LANGUAGE_STANDARD = gnu11;
				GCC_DYNAMIC_NO_PIC = NO;
				GCC_NO_COMMON_BLOCKS = YES;
				GCC_OPTIMIZATION_LEVEL = 0;
				GCC_PREPROCESSOR_DEFINITIONS = (
					"DEBUG=1",
					"$(inherited)",
				);
				GCC_WARN_64_TO_32_BIT_CONVERSION = YES;
				GCC_WARN_ABOUT_RETURN_TYPE = YES_ERROR;
				GCC_WARN_UNDECLARED_SELECTOR = YES;
				GCC_WARN_UNINITIALIZED_AUTOS = YES_AGGRESSIVE;
				GCC_WARN_UNUSED_FUNCTION = YES;
				GCC_WARN_UNUSED_VARIABLE = YES;
				MACOSX_DEPLOYMENT_TARGET = 10.13;
				MTL_ENABLE_DEBUG_INFO = YES;
				ONLY_ACTIVE_ARCH = YES;
				SDKROOT = macosx;
				SWIFT_ACTIVE_COMPILATION_CONDITIONS = DEBUG;
				SWIFT_OBJC_BRIDGING_HEADER = "1-Bridging-Header.h";
				SWIFT_OPTIMIZATION_LEVEL = "-Onone";
			};
			name = Debug;
		};
		DCA446301FD108D0009A3B22 /* Release */ = {
			isa = XCBuildConfiguration;
			buildSettings = {
				ALWAYS_SEARCH_USER_PATHS = NO;
				CLANG_ANALYZER_NONNULL = YES;
				CLANG_ANALYZER_NUMBER_OBJECT_CONVERSION = YES_AGGRESSIVE;
				CLANG_CXX_LANGUAGE_STANDARD = "gnu++14";
				CLANG_CXX_LIBRARY = "libc++";
				CLANG_ENABLE_MODULES = YES;
				CLANG_ENABLE_OBJC_ARC = YES;
				CLANG_WARN_BLOCK_CAPTURE_AUTORELEASING = YES;
				CLANG_WARN_BOOL_CONVERSION = YES;
				CLANG_WARN_COMMA = YES;
				CLANG_WARN_CONSTANT_CONVERSION = YES;
				CLANG_WARN_DIRECT_OBJC_ISA_USAGE = YES_ERROR;
				CLANG_WARN_DOCUMENTATION_COMMENTS = YES;
				CLANG_WARN_EMPTY_BODY = YES;
				CLANG_WARN_ENUM_CONVERSION = YES;
				CLANG_WARN_INFINITE_RECURSION = YES;
				CLANG_WARN_INT_CONVERSION = YES;
				CLANG_WARN_NON_LITERAL_NULL_CONVERSION = YES;
				CLANG_WARN_OBJC_LITERAL_CONVERSION = YES;
				CLANG_WARN_OBJC_ROOT_CLASS = YES_ERROR;
				CLANG_WARN_RANGE_LOOP_ANALYSIS = YES;
				CLANG_WARN_STRICT_PROTOTYPES = YES;
				CLANG_WARN_SUSPICIOUS_MOVE = YES;
				CLANG_WARN_UNGUARDED_AVAILABILITY = YES_AGGRESSIVE;
				CLANG_WARN_UNREACHABLE_CODE = YES;
				CLANG_WARN__DUPLICATE_METHOD_MATCH = YES;
				CODE_SIGN_IDENTITY = "-";
				COPY_PHASE_STRIP = NO;
				DEBUG_INFORMATION_FORMAT = "dwarf-with-dsym";
				ENABLE_NS_ASSERTIONS = NO;
				ENABLE_STRICT_OBJC_MSGSEND = YES;
				GCC_C_LANGUAGE_STANDARD = gnu11;
				GCC_NO_COMMON_BLOCKS = YES;
				GCC_WARN_64_TO_32_BIT_CONVERSION = YES;
				GCC_WARN_ABOUT_RETURN_TYPE = YES_ERROR;
				GCC_WARN_UNDECLARED_SELECTOR = YES;
				GCC_WARN_UNINITIALIZED_AUTOS = YES_AGGRESSIVE;
				GCC_WARN_UNUSED_FUNCTION = YES;
				GCC_WARN_UNUSED_VARIABLE = YES;
				MACOSX_DEPLOYMENT_TARGET = 10.13;
				MTL_ENABLE_DEBUG_INFO = NO;
				SDKROOT = macosx;
				SWIFT_OBJC_BRIDGING_HEADER = "1-Bridging-Header.h";
				SWIFT_OPTIMIZATION_LEVEL = "-Owholemodule";
			};
			name = Release;
		};
		DCA446321FD108D0009A3B22 /* Debug */ = {
			isa = XCBuildConfiguration;
			buildSettings = {
				CLANG_ENABLE_MODULES = YES;
				CODE_SIGN_STYLE = Automatic;
				LD_RUNPATH_SEARCH_PATHS = "$(inherited) @executable_path/../Frameworks @loader_path/../Frameworks";
				PRODUCT_NAME = "$(TARGET_NAME)";
				SWIFT_OBJC_BRIDGING_HEADER = "1-Bridging-Header.h";
				SWIFT_OPTIMIZATION_LEVEL = "-Onone";
				SWIFT_VERSION = 4.0;
			};
			name = Debug;
		};
		DCA446331FD108D0009A3B22 /* Release */ = {
			isa = XCBuildConfiguration;
			buildSettings = {
				CLANG_ENABLE_MODULES = YES;
				CODE_SIGN_STYLE = Automatic;
				LD_RUNPATH_SEARCH_PATHS = "$(inherited) @executable_path/../Frameworks @loader_path/../Frameworks";
				PRODUCT_NAME = "$(TARGET_NAME)";
				SWIFT_OBJC_BRIDGING_HEADER = "1-Bridging-Header.h";
				SWIFT_VERSION = 4.0;
			};
			name = Release;
		};
		DCA4463D1FD109B3009A3B22 /* Debug */ = {
			isa = XCBuildConfiguration;
			buildSettings = {
				CODE_SIGN_STYLE = Automatic;
				PRODUCT_NAME = "$(TARGET_NAME)";
				SWIFT_VERSION = 4.0;
			};
			name = Debug;
		};
		DCA4463E1FD109B3009A3B22 /* Release */ = {
			isa = XCBuildConfiguration;
			buildSettings = {
				CODE_SIGN_STYLE = Automatic;
				PRODUCT_NAME = "$(TARGET_NAME)";
				SWIFT_VERSION = 4.0;
			};
			name = Release;
		};
		DCA70FF91FD4977400BF0EFD /* Debug */ = {
			isa = XCBuildConfiguration;
			buildSettings = {
				CODE_SIGN_STYLE = Automatic;
				PRODUCT_NAME = "$(TARGET_NAME)";
				SWIFT_VERSION = 4.0;
			};
			name = Debug;
		};
		DCA70FFA1FD4977400BF0EFD /* Release */ = {
			isa = XCBuildConfiguration;
			buildSettings = {
				CODE_SIGN_STYLE = Automatic;
				PRODUCT_NAME = "$(TARGET_NAME)";
				SWIFT_VERSION = 4.0;
			};
			name = Release;
		};
		DCAA33BC1FD725A10075C768 /* Debug */ = {
			isa = XCBuildConfiguration;
			buildSettings = {
				CODE_SIGN_STYLE = Automatic;
				PRODUCT_NAME = "$(TARGET_NAME)";
				SWIFT_VERSION = 4.0;
			};
			name = Debug;
		};
		DCAA33BD1FD725A10075C768 /* Release */ = {
			isa = XCBuildConfiguration;
			buildSettings = {
				CODE_SIGN_STYLE = Automatic;
				PRODUCT_NAME = "$(TARGET_NAME)";
				SWIFT_VERSION = 4.0;
			};
			name = Release;
		};
		DCB27F2F1FD3BC5C006626D2 /* Debug */ = {
			isa = XCBuildConfiguration;
			buildSettings = {
				CODE_SIGN_STYLE = Automatic;
				PRODUCT_NAME = "$(TARGET_NAME)";
				SWIFT_VERSION = 4.0;
			};
			name = Debug;
		};
		DCB27F301FD3BC5C006626D2 /* Release */ = {
			isa = XCBuildConfiguration;
			buildSettings = {
				CODE_SIGN_STYLE = Automatic;
				PRODUCT_NAME = "$(TARGET_NAME)";
				SWIFT_VERSION = 4.0;
			};
			name = Release;
		};
/* End XCBuildConfiguration section */

/* Begin XCConfigurationList section */
		DC12F5B41FD7A43100A3839F /* Build configuration list for PBXNativeTarget "6" */ = {
			isa = XCConfigurationList;
			buildConfigurations = (
				DC12F5B21FD7A43100A3839F /* Debug */,
				DC12F5B31FD7A43100A3839F /* Release */,
			);
			defaultConfigurationIsVisible = 0;
			defaultConfigurationName = Release;
		};
		DC2FDA0A1FDA0A740021AA29 /* Build configuration list for PBXNativeTarget "7" */ = {
			isa = XCConfigurationList;
			buildConfigurations = (
				DC2FDA081FDA0A740021AA29 /* Debug */,
				DC2FDA091FDA0A740021AA29 /* Release */,
			);
			defaultConfigurationIsVisible = 0;
			defaultConfigurationName = Release;
		};
		DC6041CA1FDAEA08000985E9 /* Build configuration list for PBXNativeTarget "8" */ = {
			isa = XCConfigurationList;
			buildConfigurations = (
				DC6041C81FDAEA08000985E9 /* Debug */,
				DC6041C91FDAEA08000985E9 /* Release */,
			);
			defaultConfigurationIsVisible = 0;
			defaultConfigurationName = Release;
		};
		DC7E9A241FDBA2A40080CB7E /* Build configuration list for PBXNativeTarget "9" */ = {
			isa = XCConfigurationList;
			buildConfigurations = (
				DC7E9A221FDBA2A40080CB7E /* Debug */,
				DC7E9A231FDBA2A40080CB7E /* Release */,
			);
			defaultConfigurationIsVisible = 0;
			defaultConfigurationName = Release;
		};
		DC7E9A311FDDC0FD0080CB7E /* Build configuration list for PBXNativeTarget "10" */ = {
			isa = XCConfigurationList;
			buildConfigurations = (
				DC7E9A2F1FDDC0FD0080CB7E /* Debug */,
				DC7E9A301FDDC0FD0080CB7E /* Release */,
			);
			defaultConfigurationIsVisible = 0;
			defaultConfigurationName = Release;
		};
		DCA446251FD108D0009A3B22 /* Build configuration list for PBXProject "Advent2017" */ = {
			isa = XCConfigurationList;
			buildConfigurations = (
				DCA4462F1FD108D0009A3B22 /* Debug */,
				DCA446301FD108D0009A3B22 /* Release */,
			);
			defaultConfigurationIsVisible = 0;
			defaultConfigurationName = Release;
		};
		DCA446311FD108D0009A3B22 /* Build configuration list for PBXNativeTarget "1" */ = {
			isa = XCConfigurationList;
			buildConfigurations = (
				DCA446321FD108D0009A3B22 /* Debug */,
				DCA446331FD108D0009A3B22 /* Release */,
			);
			defaultConfigurationIsVisible = 0;
			defaultConfigurationName = Release;
		};
		DCA4463C1FD109B3009A3B22 /* Build configuration list for PBXNativeTarget "2" */ = {
			isa = XCConfigurationList;
			buildConfigurations = (
				DCA4463D1FD109B3009A3B22 /* Debug */,
				DCA4463E1FD109B3009A3B22 /* Release */,
			);
			defaultConfigurationIsVisible = 0;
			defaultConfigurationName = Release;
		};
		DCA70FFB1FD4977400BF0EFD /* Build configuration list for PBXNativeTarget "4" */ = {
			isa = XCConfigurationList;
			buildConfigurations = (
				DCA70FF91FD4977400BF0EFD /* Debug */,
				DCA70FFA1FD4977400BF0EFD /* Release */,
			);
			defaultConfigurationIsVisible = 0;
			defaultConfigurationName = Release;
		};
		DCAA33BE1FD725A10075C768 /* Build configuration list for PBXNativeTarget "5" */ = {
			isa = XCConfigurationList;
			buildConfigurations = (
				DCAA33BC1FD725A10075C768 /* Debug */,
				DCAA33BD1FD725A10075C768 /* Release */,
			);
			defaultConfigurationIsVisible = 0;
			defaultConfigurationName = Release;
		};
		DCB27F311FD3BC5C006626D2 /* Build configuration list for PBXNativeTarget "3" */ = {
			isa = XCConfigurationList;
			buildConfigurations = (
				DCB27F2F1FD3BC5C006626D2 /* Debug */,
				DCB27F301FD3BC5C006626D2 /* Release */,
			);
			defaultConfigurationIsVisible = 0;
			defaultConfigurationName = Release;
		};
/* End XCConfigurationList section */
	};
	rootObject = DCA446221FD108D0009A3B22 /* Project object */;
}
